// !$*UTF8*$!
{
	archiveVersion = 1;
	classes = {
	};
	objectVersion = 56;
	objects = {

/* Begin PBXBuildFile section */
		3C0C2C932CE67F910040B886 /* CreateTransactionAnalyticsView.swift in Sources */ = {isa = PBXBuildFile; fileRef = 3C0C2C922CE67F890040B886 /* CreateTransactionAnalyticsView.swift */; };
		3C0C2C952CE695D70040B886 /* BankAccountCategorySelectionView.swift in Sources */ = {isa = PBXBuildFile; fileRef = 3C0C2C942CE695CC0040B886 /* BankAccountCategorySelectionView.swift */; };
		3C21A7662D0869FD00452DF3 /* LocalAuthView.swift in Sources */ = {isa = PBXBuildFile; fileRef = 3C21A7652D0869F100452DF3 /* LocalAuthView.swift */; };
		3C21A7692D086B7600452DF3 /* LocalAuthKeychain.swift in Sources */ = {isa = PBXBuildFile; fileRef = 3C21A7682D086B7300452DF3 /* LocalAuthKeychain.swift */; };
		3C2EC36E2D3A9BC6003AF0FB /* GoogleService-Info.plist in Resources */ = {isa = PBXBuildFile; fileRef = 3C2EC36D2D3A9BC6003AF0FB /* GoogleService-Info.plist */; };
		3C2EC37A2D3AB165003AF0FB /* Firebase.swift in Sources */ = {isa = PBXBuildFile; fileRef = 3C2EC3792D3AB0E5003AF0FB /* Firebase.swift */; };
		3C4F0ECE2CCFA6CE008A8D14 /* ProfileSettingsView.swift in Sources */ = {isa = PBXBuildFile; fileRef = 3C4F0ECD2CCFA6C7008A8D14 /* ProfileSettingsView.swift */; };
		3C5385D82CCFE56C00242054 /* CommonButtonViews.swift in Sources */ = {isa = PBXBuildFile; fileRef = 3C5385D72CCFE56900242054 /* CommonButtonViews.swift */; };
		3C5385DA2CCFF58700242054 /* CommonSectionViews.swift in Sources */ = {isa = PBXBuildFile; fileRef = 3C5385D92CCFF57A00242054 /* CommonSectionViews.swift */; };
		3C5617422CE13238008BA8A1 /* ChangePasswordView.swift in Sources */ = {isa = PBXBuildFile; fileRef = 3C5617412CE13231008BA8A1 /* ChangePasswordView.swift */; };
		3C5617442CE22369008BA8A1 /* SplashScreen.swift in Sources */ = {isa = PBXBuildFile; fileRef = 3C5617432CE22361008BA8A1 /* SplashScreen.swift */; };
		3C56174A2CE23491008BA8A1 /* Inter-Bold.ttf in Resources */ = {isa = PBXBuildFile; fileRef = 3C5617482CE23491008BA8A1 /* Inter-Bold.ttf */; };
		3C56174B2CE23491008BA8A1 /* Inter-SemiBold.ttf in Resources */ = {isa = PBXBuildFile; fileRef = 3C5617492CE23491008BA8A1 /* Inter-SemiBold.ttf */; };
		3C56174D2CE234A3008BA8A1 /* Gilroy-Semibold.ttf in Resources */ = {isa = PBXBuildFile; fileRef = 3C56174C2CE234A3008BA8A1 /* Gilroy-Semibold.ttf */; };
		3C56174F2CE234B4008BA8A1 /* Gilroy-Bold.ttf in Resources */ = {isa = PBXBuildFile; fileRef = 3C56174E2CE234B4008BA8A1 /* Gilroy-Bold.ttf */; };
		3C5617522CE23643008BA8A1 /* Montserrat.ttf in Resources */ = {isa = PBXBuildFile; fileRef = 3C5617512CE23643008BA8A1 /* Montserrat.ttf */; };
		3C5617542CE236F9008BA8A1 /* CustomTextView.swift in Sources */ = {isa = PBXBuildFile; fileRef = 3C5617532CE236F4008BA8A1 /* CustomTextView.swift */; };
		3C6196382CE25B550001B233 /* StepView.swift in Sources */ = {isa = PBXBuildFile; fileRef = 3C6196372CE25B520001B233 /* StepView.swift */; };
		3C72E3012CD248AA00B7EA04 /* DragGoalsView.swift in Sources */ = {isa = PBXBuildFile; fileRef = 3C72E3002CD248A200B7EA04 /* DragGoalsView.swift */; };
		3C72E3042CD24F9100B7EA04 /* GoalsSectionView.swift in Sources */ = {isa = PBXBuildFile; fileRef = 3C72E3032CD24F8B00B7EA04 /* GoalsSectionView.swift */; };
		3C72E3062CD24FDF00B7EA04 /* AddGoalButtonView.swift in Sources */ = {isa = PBXBuildFile; fileRef = 3C72E3052CD24FD700B7EA04 /* AddGoalButtonView.swift */; };
		3C72E3082CD2500900B7EA04 /* GoalsView.swift in Sources */ = {isa = PBXBuildFile; fileRef = 3C72E3072CD2500600B7EA04 /* GoalsView.swift */; };
		3C72E30A2CD2503B00B7EA04 /* AnnualPaymentsSectionView.swift in Sources */ = {isa = PBXBuildFile; fileRef = 3C72E3092CD2503300B7EA04 /* AnnualPaymentsSectionView.swift */; };
		3C72E30C2CD2507300B7EA04 /* AnnualPaymentsItemView.swift in Sources */ = {isa = PBXBuildFile; fileRef = 3C72E30B2CD2506F00B7EA04 /* AnnualPaymentsItemView.swift */; };
		3C72E3102CD2513800B7EA04 /* CategoryListView.swift in Sources */ = {isa = PBXBuildFile; fileRef = 3C72E30F2CD2513200B7EA04 /* CategoryListView.swift */; };
		3C72E3142CD2521F00B7EA04 /* SummaryView.swift in Sources */ = {isa = PBXBuildFile; fileRef = 3C72E3132CD2521800B7EA04 /* SummaryView.swift */; };
		3C72E3162CD252D300B7EA04 /* TransactionElementView.swift in Sources */ = {isa = PBXBuildFile; fileRef = 3C72E3152CD252CD00B7EA04 /* TransactionElementView.swift */; };
		3C72E3182CD2535E00B7EA04 /* BankAcoountListView.swift in Sources */ = {isa = PBXBuildFile; fileRef = 3C72E3172CD2535200B7EA04 /* BankAcoountListView.swift */; };
		3C9F28182D13153C00C3DB83 /* ScoreDiadramView.swift in Sources */ = {isa = PBXBuildFile; fileRef = 3C9F28172D13153500C3DB83 /* ScoreDiadramView.swift */; };
		3CA07A1D2D131B37004AF1DB /* TempoView.swift in Sources */ = {isa = PBXBuildFile; fileRef = 3CA07A1C2D131B2E004AF1DB /* TempoView.swift */; };
		3CA07A232D132702004AF1DB /* ShareInIncome.swift in Sources */ = {isa = PBXBuildFile; fileRef = 3CA07A222D1326FD004AF1DB /* ShareInIncome.swift */; };
		3CA07A252D132767004AF1DB /* PercentBlockView.swift in Sources */ = {isa = PBXBuildFile; fileRef = 3CA07A242D132763004AF1DB /* PercentBlockView.swift */; };
		3CA07A272D13277C004AF1DB /* PointerView.swift in Sources */ = {isa = PBXBuildFile; fileRef = 3CA07A262D132778004AF1DB /* PointerView.swift */; };
		3CA07A292D19B264004AF1DB /* DataManager.swift in Sources */ = {isa = PBXBuildFile; fileRef = 3CA07A282D19B260004AF1DB /* DataManager.swift */; };
		3CA28B452CEB3C9400AD1D33 /* CreateTransactionSelectCategoryView.swift in Sources */ = {isa = PBXBuildFile; fileRef = 3CA28B442CEB3C8100AD1D33 /* CreateTransactionSelectCategoryView.swift */; };
		3CA28B472CEB649600AD1D33 /* CreateTransactionMainView.swift in Sources */ = {isa = PBXBuildFile; fileRef = 3CA28B462CEB648F00AD1D33 /* CreateTransactionMainView.swift */; };
		3CC53A182CD0AF2D00C0B15E /* ErrorViews.swift in Sources */ = {isa = PBXBuildFile; fileRef = 3CC53A172CD0AF2100C0B15E /* ErrorViews.swift */; };
		3CC53A1A2CD0B96000C0B15E /* CategorizedTransaction.swift in Sources */ = {isa = PBXBuildFile; fileRef = 3CC53A192CD0B94A00C0B15E /* CategorizedTransaction.swift */; };
		3CC743F02C8DC49600F10E5E /* StartView.swift in Sources */ = {isa = PBXBuildFile; fileRef = 3CC743EF2C8DC49600F10E5E /* StartView.swift */; };
		3CC743F22C8DC9C400F10E5E /* LoginView.swift in Sources */ = {isa = PBXBuildFile; fileRef = 3CC743F12C8DC9C400F10E5E /* LoginView.swift */; };
		3CC743F42C94CA9200F10E5E /* RegisterView.swift in Sources */ = {isa = PBXBuildFile; fileRef = 3CC743F32C94CA9200F10E5E /* RegisterView.swift */; };
		3CD536272CC69A480099B111 /* CreateBankAccountView.swift in Sources */ = {isa = PBXBuildFile; fileRef = 3CD536262CC69A480099B111 /* CreateBankAccountView.swift */; };
		3CD5362C2CC7C8A00099B111 /* AddBankAccountView.swift in Sources */ = {isa = PBXBuildFile; fileRef = 3CD5362B2CC7C8A00099B111 /* AddBankAccountView.swift */; };
		3CD5C3142C9863CA0025EFDC /* ConfirmEmailView.swift in Sources */ = {isa = PBXBuildFile; fileRef = 3CD5C3132C9863CA0025EFDC /* ConfirmEmailView.swift */; };
		3CD5C3192C9873FF0025EFDC /* PopUpContentViews.swift in Sources */ = {isa = PBXBuildFile; fileRef = 3CD5C3182C9873FF0025EFDC /* PopUpContentViews.swift */; };
		3CD5C31F2CA2F8630025EFDC /* MainPageView.swift in Sources */ = {isa = PBXBuildFile; fileRef = 3CD5C31E2CA2F8630025EFDC /* MainPageView.swift */; };
		3CD5C3222CA2F9E80025EFDC /* TabBarView.swift in Sources */ = {isa = PBXBuildFile; fileRef = 3CD5C3212CA2F9E80025EFDC /* TabBarView.swift */; };
		3CD5C3252CA2FB0D0025EFDC /* Income.swift in Sources */ = {isa = PBXBuildFile; fileRef = 3CD5C3242CA2FB0D0025EFDC /* Income.swift */; };
		3CD5C3272CA2FB370025EFDC /* Expense.swift in Sources */ = {isa = PBXBuildFile; fileRef = 3CD5C3262CA2FB370025EFDC /* Expense.swift */; };
		3CD5C3292CA2FB540025EFDC /* Investments.swift in Sources */ = {isa = PBXBuildFile; fileRef = 3CD5C3282CA2FB540025EFDC /* Investments.swift */; };
		3CD5C32B2CA2FB600025EFDC /* Profile.swift in Sources */ = {isa = PBXBuildFile; fileRef = 3CD5C32A2CA2FB600025EFDC /* Profile.swift */; };
		3CD5C32E2CAC2D0A0025EFDC /* AnalyticsPageView.swift in Sources */ = {isa = PBXBuildFile; fileRef = 3CD5C32D2CAC2D0A0025EFDC /* AnalyticsPageView.swift */; };
		3CD5C3312CAC31B30025EFDC /* Goal.swift in Sources */ = {isa = PBXBuildFile; fileRef = 3CD5C3302CAC31B30025EFDC /* Goal.swift */; };
		3CD5C3332CAC34AA0025EFDC /* FinHealth.swift in Sources */ = {isa = PBXBuildFile; fileRef = 3CD5C3322CAC34AA0025EFDC /* FinHealth.swift */; };
		3CD5C3352CAEB3880025EFDC /* CreateGoalView.swift in Sources */ = {isa = PBXBuildFile; fileRef = 3CD5C3342CAEB3880025EFDC /* CreateGoalView.swift */; };
		3CD5C3372CB55BEB0025EFDC /* AnnualPayments.swift in Sources */ = {isa = PBXBuildFile; fileRef = 3CD5C3362CB55BEB0025EFDC /* AnnualPayments.swift */; };
		3CD5C3392CB6D1BC0025EFDC /* EditGoalView.swift in Sources */ = {isa = PBXBuildFile; fileRef = 3CD5C3382CB6D1BC0025EFDC /* EditGoalView.swift */; };
		3CD5C33B2CB80B6D0025EFDC /* AllGoalsView.swift in Sources */ = {isa = PBXBuildFile; fileRef = 3CD5C33A2CB80B6D0025EFDC /* AllGoalsView.swift */; };
		3CD5C33D2CB83A1E0025EFDC /* Transactions.swift in Sources */ = {isa = PBXBuildFile; fileRef = 3CD5C33C2CB83A1E0025EFDC /* Transactions.swift */; };
		3CD5C33F2CB83A310025EFDC /* Accounts.swift in Sources */ = {isa = PBXBuildFile; fileRef = 3CD5C33E2CB83A310025EFDC /* Accounts.swift */; };
		3CD9D7F52D380A1300C9BD39 /* UUID.swift in Sources */ = {isa = PBXBuildFile; fileRef = 3CD9D7F42D380A0F00C9BD39 /* UUID.swift */; };
		3CD9D7F72D380D3B00C9BD39 /* Logger.swift in Sources */ = {isa = PBXBuildFile; fileRef = 3CD9D7F62D380D3700C9BD39 /* Logger.swift */; };
		3CE654A22D0B045100ADD08A /* URL.swift in Sources */ = {isa = PBXBuildFile; fileRef = 3CE654A02D0B045100ADD08A /* URL.swift */; };
		3CE654A32D0B045100ADD08A /* Utility.swift in Sources */ = {isa = PBXBuildFile; fileRef = 3CE654A12D0B045100ADD08A /* Utility.swift */; };
		3CE654A62D0C944E00ADD08A /* CustomTabBarView.swift in Sources */ = {isa = PBXBuildFile; fileRef = 3CE654A52D0C944700ADD08A /* CustomTabBarView.swift */; };
		3CE654A82D0C963300ADD08A /* URLEntities.swift in Sources */ = {isa = PBXBuildFile; fileRef = 3CE654A72D0C962D00ADD08A /* URLEntities.swift */; };
		3CE654AB2D12FE2100ADD08A /* FinHealthView.swift in Sources */ = {isa = PBXBuildFile; fileRef = 3CE654AA2D12FE1C00ADD08A /* FinHealthView.swift */; };
		3CE654AD2D12FEAA00ADD08A /* ExpenceDetailsView.swift in Sources */ = {isa = PBXBuildFile; fileRef = 3CE654AC2D12FEA400ADD08A /* ExpenceDetailsView.swift */; };
		3CE654AF2D12FEB800ADD08A /* SavingDetailsView.swift in Sources */ = {isa = PBXBuildFile; fileRef = 3CE654AE2D12FEB500ADD08A /* SavingDetailsView.swift */; };
		3CE654B12D12FEC200ADD08A /* InvestmentDetailsView.swift in Sources */ = {isa = PBXBuildFile; fileRef = 3CE654B02D12FEBD00ADD08A /* InvestmentDetailsView.swift */; };
		3CE654B32D12FECF00ADD08A /* DebtDetailsView.swift in Sources */ = {isa = PBXBuildFile; fileRef = 3CE654B22D12FECC00ADD08A /* DebtDetailsView.swift */; };
		3CE654B52D12FED500ADD08A /* PlanningDetailsView.swift in Sources */ = {isa = PBXBuildFile; fileRef = 3CE654B42D12FED200ADD08A /* PlanningDetailsView.swift */; };
		3CE654B82D13027500ADD08A /* ScoreView.swift in Sources */ = {isa = PBXBuildFile; fileRef = 3CE654B72D13027200ADD08A /* ScoreView.swift */; };
		3CE9FBB52CCA93540046CD22 /* ValuteSwitcherView.swift in Sources */ = {isa = PBXBuildFile; fileRef = 3CE9FBB42CCA934D0046CD22 /* ValuteSwitcherView.swift */; };
		3CE9FBBA2CCAAB0E0046CD22 /* AppNavigatingButtonsListView.swift in Sources */ = {isa = PBXBuildFile; fileRef = 3CE9FBB92CCAAB010046CD22 /* AppNavigatingButtonsListView.swift */; };
		3CE9FBBD2CCAAD050046CD22 /* ProfileView.swift in Sources */ = {isa = PBXBuildFile; fileRef = 3CE9FBBC2CCAAD020046CD22 /* ProfileView.swift */; };
		3CF17A912C87812F00A601AC /* CADVApp.swift in Sources */ = {isa = PBXBuildFile; fileRef = 3CF17A902C87812F00A601AC /* CADVApp.swift */; };
		3CF17A932C87812F00A601AC /* ContentView.swift in Sources */ = {isa = PBXBuildFile; fileRef = 3CF17A922C87812F00A601AC /* ContentView.swift */; };
		3CF17A952C87813200A601AC /* Assets.xcassets in Resources */ = {isa = PBXBuildFile; fileRef = 3CF17A942C87813200A601AC /* Assets.xcassets */; };
		3CF17A982C87813200A601AC /* Preview Assets.xcassets in Resources */ = {isa = PBXBuildFile; fileRef = 3CF17A972C87813200A601AC /* Preview Assets.xcassets */; };
		3CF17A9A2C87813200A601AC /* Persistence.swift in Sources */ = {isa = PBXBuildFile; fileRef = 3CF17A992C87813200A601AC /* Persistence.swift */; };
		3CF17A9D2C87813200A601AC /* CADV.xcdatamodeld in Sources */ = {isa = PBXBuildFile; fileRef = 3CF17A9B2C87813200A601AC /* CADV.xcdatamodeld */; };
		3CF17AA72C87813300A601AC /* CADVTests.swift in Sources */ = {isa = PBXBuildFile; fileRef = 3CF17AA62C87813300A601AC /* CADVTests.swift */; };
		3CF17AB12C87813300A601AC /* CADVUITests.swift in Sources */ = {isa = PBXBuildFile; fileRef = 3CF17AB02C87813300A601AC /* CADVUITests.swift */; };
		3CF17AB32C87813300A601AC /* CADVUITestsLaunchTests.swift in Sources */ = {isa = PBXBuildFile; fileRef = 3CF17AB22C87813300A601AC /* CADVUITestsLaunchTests.swift */; };
		3CF201032CCA742C00A5620A /* SettingsPageView.swift in Sources */ = {isa = PBXBuildFile; fileRef = 3CF201022CCA742300A5620A /* SettingsPageView.swift */; };
		3CF4C1632CDCFE01007F6990 /* AddCategoryView.swift in Sources */ = {isa = PBXBuildFile; fileRef = 3CF4C1622CDCFDFC007F6990 /* AddCategoryView.swift */; };
		3CF4C1652CDD24B9007F6990 /* OperationsArchiveView.swift in Sources */ = {isa = PBXBuildFile; fileRef = 3CF4C1642CDD24B2007F6990 /* OperationsArchiveView.swift */; };
		3CF4C1672CDD2781007F6990 /* SupportRequestView.swift in Sources */ = {isa = PBXBuildFile; fileRef = 3CF4C1662CDD2776007F6990 /* SupportRequestView.swift */; };
		3CF4C1692CDD28B6007F6990 /* CategorySettingsView.swift in Sources */ = {isa = PBXBuildFile; fileRef = 3CF4C1682CDD28B1007F6990 /* CategorySettingsView.swift */; };
		3CF4C16B2CDD3E85007F6990 /* PasswordResetView.swift in Sources */ = {isa = PBXBuildFile; fileRef = 3CF4C16A2CDD3E7F007F6990 /* PasswordResetView.swift */; };
		3CF4C1702CDD649E007F6990 /* NotificationManager.swift in Sources */ = {isa = PBXBuildFile; fileRef = 3CF4C16F2CDD6496007F6990 /* NotificationManager.swift */; };
		61610F9835EDE9625C813DF6 /* Pods_CADV.framework in Frameworks */ = {isa = PBXBuildFile; fileRef = 0088CB40A0FB052893316D8F /* Pods_CADV.framework */; };
		71755BE6D3B9A81DCC02C0E3 /* Pods_CADVTests.framework in Frameworks */ = {isa = PBXBuildFile; fileRef = FBF9FF1F1B895398A43FC260 /* Pods_CADVTests.framework */; };
		76762215E65C10435CDE7705 /* Pods_CADV_CADVUITests.framework in Frameworks */ = {isa = PBXBuildFile; fileRef = A1AE5BDBAF872FA631CF7EF0 /* Pods_CADV_CADVUITests.framework */; };
/* End PBXBuildFile section */

/* Begin PBXContainerItemProxy section */
		3CF17AA32C87813300A601AC /* PBXContainerItemProxy */ = {
			isa = PBXContainerItemProxy;
			containerPortal = 3CF17A852C87812F00A601AC /* Project object */;
			proxyType = 1;
			remoteGlobalIDString = 3CF17A8C2C87812F00A601AC;
			remoteInfo = CADV;
		};
		3CF17AAD2C87813300A601AC /* PBXContainerItemProxy */ = {
			isa = PBXContainerItemProxy;
			containerPortal = 3CF17A852C87812F00A601AC /* Project object */;
			proxyType = 1;
			remoteGlobalIDString = 3CF17A8C2C87812F00A601AC;
			remoteInfo = CADV;
		};
/* End PBXContainerItemProxy section */

/* Begin PBXFileReference section */
		0088CB40A0FB052893316D8F /* Pods_CADV.framework */ = {isa = PBXFileReference; explicitFileType = wrapper.framework; includeInIndex = 0; path = Pods_CADV.framework; sourceTree = BUILT_PRODUCTS_DIR; };
		3C0C2C922CE67F890040B886 /* CreateTransactionAnalyticsView.swift */ = {isa = PBXFileReference; lastKnownFileType = sourcecode.swift; path = CreateTransactionAnalyticsView.swift; sourceTree = "<group>"; };
		3C0C2C942CE695CC0040B886 /* BankAccountCategorySelectionView.swift */ = {isa = PBXFileReference; lastKnownFileType = sourcecode.swift; path = BankAccountCategorySelectionView.swift; sourceTree = "<group>"; };
		3C21A7652D0869F100452DF3 /* LocalAuthView.swift */ = {isa = PBXFileReference; lastKnownFileType = sourcecode.swift; path = LocalAuthView.swift; sourceTree = "<group>"; };
		3C21A7682D086B7300452DF3 /* LocalAuthKeychain.swift */ = {isa = PBXFileReference; lastKnownFileType = sourcecode.swift; path = LocalAuthKeychain.swift; sourceTree = "<group>"; };
		3C2EC36C2D3A95F0003AF0FB /* .gitignore */ = {isa = PBXFileReference; lastKnownFileType = text; path = .gitignore; sourceTree = "<group>"; };
		3C2EC36D2D3A9BC6003AF0FB /* GoogleService-Info.plist */ = {isa = PBXFileReference; lastKnownFileType = text.plist.xml; path = "GoogleService-Info.plist"; sourceTree = "<group>"; };
		3C2EC3732D3AA4AC003AF0FB /* .swiftlint.yml */ = {isa = PBXFileReference; lastKnownFileType = text.yaml; path = .swiftlint.yml; sourceTree = "<group>"; };
		3C2EC3762D3AA96D003AF0FB /* .swiftformat */ = {isa = PBXFileReference; lastKnownFileType = text; path = .swiftformat; sourceTree = "<group>"; };
		3C2EC3792D3AB0E5003AF0FB /* Firebase.swift */ = {isa = PBXFileReference; lastKnownFileType = sourcecode.swift; path = Firebase.swift; sourceTree = "<group>"; };
		3C4F0ECD2CCFA6C7008A8D14 /* ProfileSettingsView.swift */ = {isa = PBXFileReference; lastKnownFileType = sourcecode.swift; path = ProfileSettingsView.swift; sourceTree = "<group>"; };
		3C5385D72CCFE56900242054 /* CommonButtonViews.swift */ = {isa = PBXFileReference; lastKnownFileType = sourcecode.swift; path = CommonButtonViews.swift; sourceTree = "<group>"; };
		3C5385D92CCFF57A00242054 /* CommonSectionViews.swift */ = {isa = PBXFileReference; lastKnownFileType = sourcecode.swift; path = CommonSectionViews.swift; sourceTree = "<group>"; };
		3C5617412CE13231008BA8A1 /* ChangePasswordView.swift */ = {isa = PBXFileReference; lastKnownFileType = sourcecode.swift; path = ChangePasswordView.swift; sourceTree = "<group>"; };
		3C5617432CE22361008BA8A1 /* SplashScreen.swift */ = {isa = PBXFileReference; lastKnownFileType = sourcecode.swift; path = SplashScreen.swift; sourceTree = "<group>"; };
		3C5617482CE23491008BA8A1 /* Inter-Bold.ttf */ = {isa = PBXFileReference; lastKnownFileType = file; path = "Inter-Bold.ttf"; sourceTree = "<group>"; };
		3C5617492CE23491008BA8A1 /* Inter-SemiBold.ttf */ = {isa = PBXFileReference; lastKnownFileType = file; path = "Inter-SemiBold.ttf"; sourceTree = "<group>"; };
		3C56174C2CE234A3008BA8A1 /* Gilroy-Semibold.ttf */ = {isa = PBXFileReference; lastKnownFileType = file; path = "Gilroy-Semibold.ttf"; sourceTree = "<group>"; };
		3C56174E2CE234B4008BA8A1 /* Gilroy-Bold.ttf */ = {isa = PBXFileReference; lastKnownFileType = file; path = "Gilroy-Bold.ttf"; sourceTree = "<group>"; };
		3C5617512CE23643008BA8A1 /* Montserrat.ttf */ = {isa = PBXFileReference; lastKnownFileType = file; path = Montserrat.ttf; sourceTree = "<group>"; };
		3C5617532CE236F4008BA8A1 /* CustomTextView.swift */ = {isa = PBXFileReference; lastKnownFileType = sourcecode.swift; path = CustomTextView.swift; sourceTree = "<group>"; };
		3C6196372CE25B520001B233 /* StepView.swift */ = {isa = PBXFileReference; lastKnownFileType = sourcecode.swift; path = StepView.swift; sourceTree = "<group>"; };
		3C72E3002CD248A200B7EA04 /* DragGoalsView.swift */ = {isa = PBXFileReference; lastKnownFileType = sourcecode.swift; path = DragGoalsView.swift; sourceTree = "<group>"; };
		3C72E3032CD24F8B00B7EA04 /* GoalsSectionView.swift */ = {isa = PBXFileReference; lastKnownFileType = sourcecode.swift; path = GoalsSectionView.swift; sourceTree = "<group>"; };
		3C72E3052CD24FD700B7EA04 /* AddGoalButtonView.swift */ = {isa = PBXFileReference; lastKnownFileType = sourcecode.swift; path = AddGoalButtonView.swift; sourceTree = "<group>"; };
		3C72E3072CD2500600B7EA04 /* GoalsView.swift */ = {isa = PBXFileReference; lastKnownFileType = sourcecode.swift; path = GoalsView.swift; sourceTree = "<group>"; };
		3C72E3092CD2503300B7EA04 /* AnnualPaymentsSectionView.swift */ = {isa = PBXFileReference; lastKnownFileType = sourcecode.swift; path = AnnualPaymentsSectionView.swift; sourceTree = "<group>"; };
		3C72E30B2CD2506F00B7EA04 /* AnnualPaymentsItemView.swift */ = {isa = PBXFileReference; lastKnownFileType = sourcecode.swift; path = AnnualPaymentsItemView.swift; sourceTree = "<group>"; };
		3C72E30F2CD2513200B7EA04 /* CategoryListView.swift */ = {isa = PBXFileReference; lastKnownFileType = sourcecode.swift; path = CategoryListView.swift; sourceTree = "<group>"; };
		3C72E3132CD2521800B7EA04 /* SummaryView.swift */ = {isa = PBXFileReference; lastKnownFileType = sourcecode.swift; path = SummaryView.swift; sourceTree = "<group>"; };
		3C72E3152CD252CD00B7EA04 /* TransactionElementView.swift */ = {isa = PBXFileReference; lastKnownFileType = sourcecode.swift; path = TransactionElementView.swift; sourceTree = "<group>"; };
		3C72E3172CD2535200B7EA04 /* BankAcoountListView.swift */ = {isa = PBXFileReference; lastKnownFileType = sourcecode.swift; path = BankAcoountListView.swift; sourceTree = "<group>"; };
		3C9F28172D13153500C3DB83 /* ScoreDiadramView.swift */ = {isa = PBXFileReference; lastKnownFileType = sourcecode.swift; path = ScoreDiadramView.swift; sourceTree = "<group>"; };
		3CA07A1C2D131B2E004AF1DB /* TempoView.swift */ = {isa = PBXFileReference; lastKnownFileType = sourcecode.swift; path = TempoView.swift; sourceTree = "<group>"; };
		3CA07A222D1326FD004AF1DB /* ShareInIncome.swift */ = {isa = PBXFileReference; lastKnownFileType = sourcecode.swift; path = ShareInIncome.swift; sourceTree = "<group>"; };
		3CA07A242D132763004AF1DB /* PercentBlockView.swift */ = {isa = PBXFileReference; lastKnownFileType = sourcecode.swift; path = PercentBlockView.swift; sourceTree = "<group>"; };
		3CA07A262D132778004AF1DB /* PointerView.swift */ = {isa = PBXFileReference; lastKnownFileType = sourcecode.swift; path = PointerView.swift; sourceTree = "<group>"; };
		3CA07A282D19B260004AF1DB /* DataManager.swift */ = {isa = PBXFileReference; lastKnownFileType = sourcecode.swift; path = DataManager.swift; sourceTree = "<group>"; };
		3CA28B442CEB3C8100AD1D33 /* CreateTransactionSelectCategoryView.swift */ = {isa = PBXFileReference; lastKnownFileType = sourcecode.swift; path = CreateTransactionSelectCategoryView.swift; sourceTree = "<group>"; };
		3CA28B462CEB648F00AD1D33 /* CreateTransactionMainView.swift */ = {isa = PBXFileReference; lastKnownFileType = sourcecode.swift; path = CreateTransactionMainView.swift; sourceTree = "<group>"; };
		3CC53A172CD0AF2100C0B15E /* ErrorViews.swift */ = {isa = PBXFileReference; lastKnownFileType = sourcecode.swift; path = ErrorViews.swift; sourceTree = "<group>"; };
		3CC53A192CD0B94A00C0B15E /* CategorizedTransaction.swift */ = {isa = PBXFileReference; lastKnownFileType = sourcecode.swift; path = CategorizedTransaction.swift; sourceTree = "<group>"; };
		3CC743EF2C8DC49600F10E5E /* StartView.swift */ = {isa = PBXFileReference; lastKnownFileType = sourcecode.swift; path = StartView.swift; sourceTree = "<group>"; };
		3CC743F12C8DC9C400F10E5E /* LoginView.swift */ = {isa = PBXFileReference; lastKnownFileType = sourcecode.swift; path = LoginView.swift; sourceTree = "<group>"; };
		3CC743F32C94CA9200F10E5E /* RegisterView.swift */ = {isa = PBXFileReference; lastKnownFileType = sourcecode.swift; path = RegisterView.swift; sourceTree = "<group>"; };
		3CD536262CC69A480099B111 /* CreateBankAccountView.swift */ = {isa = PBXFileReference; lastKnownFileType = sourcecode.swift; path = CreateBankAccountView.swift; sourceTree = "<group>"; };
		3CD5362B2CC7C8A00099B111 /* AddBankAccountView.swift */ = {isa = PBXFileReference; lastKnownFileType = sourcecode.swift; path = AddBankAccountView.swift; sourceTree = "<group>"; };
		3CD5C3132C9863CA0025EFDC /* ConfirmEmailView.swift */ = {isa = PBXFileReference; lastKnownFileType = sourcecode.swift; path = ConfirmEmailView.swift; sourceTree = "<group>"; };
		3CD5C3182C9873FF0025EFDC /* PopUpContentViews.swift */ = {isa = PBXFileReference; lastKnownFileType = sourcecode.swift; path = PopUpContentViews.swift; sourceTree = "<group>"; };
		3CD5C31E2CA2F8630025EFDC /* MainPageView.swift */ = {isa = PBXFileReference; lastKnownFileType = sourcecode.swift; path = MainPageView.swift; sourceTree = "<group>"; };
		3CD5C3212CA2F9E80025EFDC /* TabBarView.swift */ = {isa = PBXFileReference; lastKnownFileType = sourcecode.swift; path = TabBarView.swift; sourceTree = "<group>"; };
		3CD5C3242CA2FB0D0025EFDC /* Income.swift */ = {isa = PBXFileReference; lastKnownFileType = sourcecode.swift; path = Income.swift; sourceTree = "<group>"; };
		3CD5C3262CA2FB370025EFDC /* Expense.swift */ = {isa = PBXFileReference; lastKnownFileType = sourcecode.swift; path = Expense.swift; sourceTree = "<group>"; };
		3CD5C3282CA2FB540025EFDC /* Investments.swift */ = {isa = PBXFileReference; lastKnownFileType = sourcecode.swift; path = Investments.swift; sourceTree = "<group>"; };
		3CD5C32A2CA2FB600025EFDC /* Profile.swift */ = {isa = PBXFileReference; lastKnownFileType = sourcecode.swift; path = Profile.swift; sourceTree = "<group>"; };
		3CD5C32D2CAC2D0A0025EFDC /* AnalyticsPageView.swift */ = {isa = PBXFileReference; lastKnownFileType = sourcecode.swift; path = AnalyticsPageView.swift; sourceTree = "<group>"; };
		3CD5C3302CAC31B30025EFDC /* Goal.swift */ = {isa = PBXFileReference; lastKnownFileType = sourcecode.swift; path = Goal.swift; sourceTree = "<group>"; };
		3CD5C3322CAC34AA0025EFDC /* FinHealth.swift */ = {isa = PBXFileReference; lastKnownFileType = sourcecode.swift; path = FinHealth.swift; sourceTree = "<group>"; };
		3CD5C3342CAEB3880025EFDC /* CreateGoalView.swift */ = {isa = PBXFileReference; lastKnownFileType = sourcecode.swift; path = CreateGoalView.swift; sourceTree = "<group>"; };
		3CD5C3362CB55BEB0025EFDC /* AnnualPayments.swift */ = {isa = PBXFileReference; lastKnownFileType = sourcecode.swift; path = AnnualPayments.swift; sourceTree = "<group>"; };
		3CD5C3382CB6D1BC0025EFDC /* EditGoalView.swift */ = {isa = PBXFileReference; lastKnownFileType = sourcecode.swift; path = EditGoalView.swift; sourceTree = "<group>"; };
		3CD5C33A2CB80B6D0025EFDC /* AllGoalsView.swift */ = {isa = PBXFileReference; lastKnownFileType = sourcecode.swift; path = AllGoalsView.swift; sourceTree = "<group>"; };
		3CD5C33C2CB83A1E0025EFDC /* Transactions.swift */ = {isa = PBXFileReference; lastKnownFileType = sourcecode.swift; path = Transactions.swift; sourceTree = "<group>"; };
		3CD5C33E2CB83A310025EFDC /* Accounts.swift */ = {isa = PBXFileReference; lastKnownFileType = sourcecode.swift; path = Accounts.swift; sourceTree = "<group>"; };
		3CD9D7F42D380A0F00C9BD39 /* UUID.swift */ = {isa = PBXFileReference; lastKnownFileType = sourcecode.swift; path = UUID.swift; sourceTree = "<group>"; };
		3CD9D7F62D380D3700C9BD39 /* Logger.swift */ = {isa = PBXFileReference; lastKnownFileType = sourcecode.swift; path = Logger.swift; sourceTree = "<group>"; };
		3CE654A02D0B045100ADD08A /* URL.swift */ = {isa = PBXFileReference; lastKnownFileType = sourcecode.swift; path = URL.swift; sourceTree = "<group>"; };
		3CE654A12D0B045100ADD08A /* Utility.swift */ = {isa = PBXFileReference; lastKnownFileType = sourcecode.swift; path = Utility.swift; sourceTree = "<group>"; };
		3CE654A52D0C944700ADD08A /* CustomTabBarView.swift */ = {isa = PBXFileReference; lastKnownFileType = sourcecode.swift; path = CustomTabBarView.swift; sourceTree = "<group>"; };
		3CE654A72D0C962D00ADD08A /* URLEntities.swift */ = {isa = PBXFileReference; lastKnownFileType = sourcecode.swift; path = URLEntities.swift; sourceTree = "<group>"; };
		3CE654AA2D12FE1C00ADD08A /* FinHealthView.swift */ = {isa = PBXFileReference; lastKnownFileType = sourcecode.swift; path = FinHealthView.swift; sourceTree = "<group>"; };
		3CE654AC2D12FEA400ADD08A /* ExpenceDetailsView.swift */ = {isa = PBXFileReference; lastKnownFileType = sourcecode.swift; path = ExpenceDetailsView.swift; sourceTree = "<group>"; };
		3CE654AE2D12FEB500ADD08A /* SavingDetailsView.swift */ = {isa = PBXFileReference; lastKnownFileType = sourcecode.swift; path = SavingDetailsView.swift; sourceTree = "<group>"; };
		3CE654B02D12FEBD00ADD08A /* InvestmentDetailsView.swift */ = {isa = PBXFileReference; lastKnownFileType = sourcecode.swift; path = InvestmentDetailsView.swift; sourceTree = "<group>"; };
		3CE654B22D12FECC00ADD08A /* DebtDetailsView.swift */ = {isa = PBXFileReference; lastKnownFileType = sourcecode.swift; path = DebtDetailsView.swift; sourceTree = "<group>"; };
		3CE654B42D12FED200ADD08A /* PlanningDetailsView.swift */ = {isa = PBXFileReference; lastKnownFileType = sourcecode.swift; path = PlanningDetailsView.swift; sourceTree = "<group>"; };
		3CE654B72D13027200ADD08A /* ScoreView.swift */ = {isa = PBXFileReference; lastKnownFileType = sourcecode.swift; path = ScoreView.swift; sourceTree = "<group>"; };
		3CE9FBB42CCA934D0046CD22 /* ValuteSwitcherView.swift */ = {isa = PBXFileReference; lastKnownFileType = sourcecode.swift; path = ValuteSwitcherView.swift; sourceTree = "<group>"; };
		3CE9FBB92CCAAB010046CD22 /* AppNavigatingButtonsListView.swift */ = {isa = PBXFileReference; lastKnownFileType = sourcecode.swift; path = AppNavigatingButtonsListView.swift; sourceTree = "<group>"; };
		3CE9FBBC2CCAAD020046CD22 /* ProfileView.swift */ = {isa = PBXFileReference; lastKnownFileType = sourcecode.swift; path = ProfileView.swift; sourceTree = "<group>"; };
		3CF17A8D2C87812F00A601AC /* CADV.app */ = {isa = PBXFileReference; explicitFileType = wrapper.application; includeInIndex = 0; path = CADV.app; sourceTree = BUILT_PRODUCTS_DIR; };
		3CF17A902C87812F00A601AC /* CADVApp.swift */ = {isa = PBXFileReference; lastKnownFileType = sourcecode.swift; path = CADVApp.swift; sourceTree = "<group>"; };
		3CF17A922C87812F00A601AC /* ContentView.swift */ = {isa = PBXFileReference; lastKnownFileType = sourcecode.swift; path = ContentView.swift; sourceTree = "<group>"; };
		3CF17A942C87813200A601AC /* Assets.xcassets */ = {isa = PBXFileReference; lastKnownFileType = folder.assetcatalog; path = Assets.xcassets; sourceTree = "<group>"; };
		3CF17A972C87813200A601AC /* Preview Assets.xcassets */ = {isa = PBXFileReference; lastKnownFileType = folder.assetcatalog; path = "Preview Assets.xcassets"; sourceTree = "<group>"; };
		3CF17A992C87813200A601AC /* Persistence.swift */ = {isa = PBXFileReference; lastKnownFileType = sourcecode.swift; path = Persistence.swift; sourceTree = "<group>"; };
		3CF17A9C2C87813200A601AC /* CADV.xcdatamodel */ = {isa = PBXFileReference; lastKnownFileType = wrapper.xcdatamodel; path = CADV.xcdatamodel; sourceTree = "<group>"; };
		3CF17AA22C87813300A601AC /* CADVTests.xctest */ = {isa = PBXFileReference; explicitFileType = wrapper.cfbundle; includeInIndex = 0; path = CADVTests.xctest; sourceTree = BUILT_PRODUCTS_DIR; };
		3CF17AA62C87813300A601AC /* CADVTests.swift */ = {isa = PBXFileReference; lastKnownFileType = sourcecode.swift; path = CADVTests.swift; sourceTree = "<group>"; };
		3CF17AAC2C87813300A601AC /* CADVUITests.xctest */ = {isa = PBXFileReference; explicitFileType = wrapper.cfbundle; includeInIndex = 0; path = CADVUITests.xctest; sourceTree = BUILT_PRODUCTS_DIR; };
		3CF17AB02C87813300A601AC /* CADVUITests.swift */ = {isa = PBXFileReference; lastKnownFileType = sourcecode.swift; path = CADVUITests.swift; sourceTree = "<group>"; };
		3CF17AB22C87813300A601AC /* CADVUITestsLaunchTests.swift */ = {isa = PBXFileReference; lastKnownFileType = sourcecode.swift; path = CADVUITestsLaunchTests.swift; sourceTree = "<group>"; };
		3CF201022CCA742300A5620A /* SettingsPageView.swift */ = {isa = PBXFileReference; lastKnownFileType = sourcecode.swift; path = SettingsPageView.swift; sourceTree = "<group>"; };
		3CF4C1622CDCFDFC007F6990 /* AddCategoryView.swift */ = {isa = PBXFileReference; lastKnownFileType = sourcecode.swift; path = AddCategoryView.swift; sourceTree = "<group>"; };
		3CF4C1642CDD24B2007F6990 /* OperationsArchiveView.swift */ = {isa = PBXFileReference; lastKnownFileType = sourcecode.swift; path = OperationsArchiveView.swift; sourceTree = "<group>"; };
		3CF4C1662CDD2776007F6990 /* SupportRequestView.swift */ = {isa = PBXFileReference; lastKnownFileType = sourcecode.swift; path = SupportRequestView.swift; sourceTree = "<group>"; };
		3CF4C1682CDD28B1007F6990 /* CategorySettingsView.swift */ = {isa = PBXFileReference; lastKnownFileType = sourcecode.swift; path = CategorySettingsView.swift; sourceTree = "<group>"; };
		3CF4C16A2CDD3E7F007F6990 /* PasswordResetView.swift */ = {isa = PBXFileReference; lastKnownFileType = sourcecode.swift; path = PasswordResetView.swift; sourceTree = "<group>"; };
		3CF4C16C2CDD4F35007F6990 /* Info.plist */ = {isa = PBXFileReference; lastKnownFileType = text.plist; path = Info.plist; sourceTree = "<group>"; };
		3CF4C16F2CDD6496007F6990 /* NotificationManager.swift */ = {isa = PBXFileReference; lastKnownFileType = sourcecode.swift; path = NotificationManager.swift; sourceTree = "<group>"; };
		63D890BE072B2CAEED784E4E /* Pods-CADV.release.xcconfig */ = {isa = PBXFileReference; includeInIndex = 1; lastKnownFileType = text.xcconfig; name = "Pods-CADV.release.xcconfig"; path = "Target Support Files/Pods-CADV/Pods-CADV.release.xcconfig"; sourceTree = "<group>"; };
		6BB7108B29AD358E04828E69 /* Pods-CADVTests.debug.xcconfig */ = {isa = PBXFileReference; includeInIndex = 1; lastKnownFileType = text.xcconfig; name = "Pods-CADVTests.debug.xcconfig"; path = "Target Support Files/Pods-CADVTests/Pods-CADVTests.debug.xcconfig"; sourceTree = "<group>"; };
		6C011B107731967EE8FB4DDA /* Pods-CADV-CADVUITests.debug.xcconfig */ = {isa = PBXFileReference; includeInIndex = 1; lastKnownFileType = text.xcconfig; name = "Pods-CADV-CADVUITests.debug.xcconfig"; path = "Target Support Files/Pods-CADV-CADVUITests/Pods-CADV-CADVUITests.debug.xcconfig"; sourceTree = "<group>"; };
		A1AE5BDBAF872FA631CF7EF0 /* Pods_CADV_CADVUITests.framework */ = {isa = PBXFileReference; explicitFileType = wrapper.framework; includeInIndex = 0; path = Pods_CADV_CADVUITests.framework; sourceTree = BUILT_PRODUCTS_DIR; };
		B01AD9A0241A4F36C3A39B5D /* Pods-CADV-CADVUITests.release.xcconfig */ = {isa = PBXFileReference; includeInIndex = 1; lastKnownFileType = text.xcconfig; name = "Pods-CADV-CADVUITests.release.xcconfig"; path = "Target Support Files/Pods-CADV-CADVUITests/Pods-CADV-CADVUITests.release.xcconfig"; sourceTree = "<group>"; };
		D848BE31806D96CC06C5D750 /* Pods-CADV.debug.xcconfig */ = {isa = PBXFileReference; includeInIndex = 1; lastKnownFileType = text.xcconfig; name = "Pods-CADV.debug.xcconfig"; path = "Target Support Files/Pods-CADV/Pods-CADV.debug.xcconfig"; sourceTree = "<group>"; };
		DDA47B850515956FC3C6B7E7 /* Pods-CADVTests.release.xcconfig */ = {isa = PBXFileReference; includeInIndex = 1; lastKnownFileType = text.xcconfig; name = "Pods-CADVTests.release.xcconfig"; path = "Target Support Files/Pods-CADVTests/Pods-CADVTests.release.xcconfig"; sourceTree = "<group>"; };
		FBF9FF1F1B895398A43FC260 /* Pods_CADVTests.framework */ = {isa = PBXFileReference; explicitFileType = wrapper.framework; includeInIndex = 0; path = Pods_CADVTests.framework; sourceTree = BUILT_PRODUCTS_DIR; };
/* End PBXFileReference section */

/* Begin PBXFrameworksBuildPhase section */
		3CF17A8A2C87812F00A601AC /* Frameworks */ = {
			isa = PBXFrameworksBuildPhase;
			buildActionMask = 2147483647;
			files = (
				61610F9835EDE9625C813DF6 /* Pods_CADV.framework in Frameworks */,
			);
			runOnlyForDeploymentPostprocessing = 0;
		};
		3CF17A9F2C87813300A601AC /* Frameworks */ = {
			isa = PBXFrameworksBuildPhase;
			buildActionMask = 2147483647;
			files = (
				71755BE6D3B9A81DCC02C0E3 /* Pods_CADVTests.framework in Frameworks */,
			);
			runOnlyForDeploymentPostprocessing = 0;
		};
		3CF17AA92C87813300A601AC /* Frameworks */ = {
			isa = PBXFrameworksBuildPhase;
			buildActionMask = 2147483647;
			files = (
				76762215E65C10435CDE7705 /* Pods_CADV_CADVUITests.framework in Frameworks */,
			);
			runOnlyForDeploymentPostprocessing = 0;
		};
/* End PBXFrameworksBuildPhase section */

/* Begin PBXGroup section */
		23C9892F425190C93B7BC2BA /* Pods */ = {
			isa = PBXGroup;
			children = (
				D848BE31806D96CC06C5D750 /* Pods-CADV.debug.xcconfig */,
				63D890BE072B2CAEED784E4E /* Pods-CADV.release.xcconfig */,
				6C011B107731967EE8FB4DDA /* Pods-CADV-CADVUITests.debug.xcconfig */,
				B01AD9A0241A4F36C3A39B5D /* Pods-CADV-CADVUITests.release.xcconfig */,
				6BB7108B29AD358E04828E69 /* Pods-CADVTests.debug.xcconfig */,
				DDA47B850515956FC3C6B7E7 /* Pods-CADVTests.release.xcconfig */,
			);
			path = Pods;
			sourceTree = "<group>";
		};
		3C21A7672D086B0900452DF3 /* LocalAuth */ = {
			isa = PBXGroup;
			children = (
				3C21A7652D0869F100452DF3 /* LocalAuthView.swift */,
			);
			path = LocalAuth;
			sourceTree = "<group>";
		};
		3C21A76A2D086BC200452DF3 /* KeyChain */ = {
			isa = PBXGroup;
			children = (
				3CD9D7F42D380A0F00C9BD39 /* UUID.swift */,
				3C21A7682D086B7300452DF3 /* LocalAuthKeychain.swift */,
			);
			path = KeyChain;
			sourceTree = "<group>";
		};
		3C21A76B2D09F02C00452DF3 /* StartViews */ = {
			isa = PBXGroup;
			children = (
				3C5617432CE22361008BA8A1 /* SplashScreen.swift */,
				3CC743EF2C8DC49600F10E5E /* StartView.swift */,
			);
			path = StartViews;
			sourceTree = "<group>";
		};
		3C2EC36B2D3A9569003AF0FB /* Metrics */ = {
			isa = PBXGroup;
			children = (
				3C2EC3792D3AB0E5003AF0FB /* Firebase.swift */,
			);
			path = Metrics;
			sourceTree = "<group>";
		};
		3C4F0ECB2CCFA4DB008A8D14 /* CoreDataNavigationViews */ = {
			isa = PBXGroup;
			children = (
				3CF4C1642CDD24B2007F6990 /* OperationsArchiveView.swift */,
				3CF4C1612CDCFDF1007F6990 /* CategorySettings */,
			);
			path = CoreDataNavigationViews;
			sourceTree = "<group>";
		};
		3C4F0ECC2CCFA57C008A8D14 /* NavigationViews */ = {
			isa = PBXGroup;
			children = (
				3CF4C1662CDD2776007F6990 /* SupportRequestView.swift */,
				3C4F0ECD2CCFA6C7008A8D14 /* ProfileSettingsView.swift */,
			);
			path = NavigationViews;
			sourceTree = "<group>";
		};
		3C5385D62CCFE56300242054 /* CommonViews */ = {
			isa = PBXGroup;
			children = (
				3CC53A172CD0AF2100C0B15E /* ErrorViews.swift */,
				3C5385D92CCFF57A00242054 /* CommonSectionViews.swift */,
				3C5385D72CCFE56900242054 /* CommonButtonViews.swift */,
			);
			path = CommonViews;
			sourceTree = "<group>";
		};
		3C5617452CE23458008BA8A1 /* Fonts */ = {
			isa = PBXGroup;
			children = (
				3C5617502CE23638008BA8A1 /* ETC. */,
				3C5617472CE2346F008BA8A1 /* Inter */,
				3C5617462CE23463008BA8A1 /* GIlroy */,
			);
			path = Fonts;
			sourceTree = "<group>";
		};
		3C5617462CE23463008BA8A1 /* GIlroy */ = {
			isa = PBXGroup;
			children = (
				3C56174C2CE234A3008BA8A1 /* Gilroy-Semibold.ttf */,
				3C56174E2CE234B4008BA8A1 /* Gilroy-Bold.ttf */,
			);
			path = GIlroy;
			sourceTree = "<group>";
		};
		3C5617472CE2346F008BA8A1 /* Inter */ = {
			isa = PBXGroup;
			children = (
				3C5617482CE23491008BA8A1 /* Inter-Bold.ttf */,
				3C5617492CE23491008BA8A1 /* Inter-SemiBold.ttf */,
			);
			path = Inter;
			sourceTree = "<group>";
		};
		3C5617502CE23638008BA8A1 /* ETC. */ = {
			isa = PBXGroup;
			children = (
				3C5617512CE23643008BA8A1 /* Montserrat.ttf */,
			);
			path = ETC.;
			sourceTree = "<group>";
		};
		3C72E2FD2CD2486900B7EA04 /* NavigationViews */ = {
			isa = PBXGroup;
			children = (
				3C0C2C942CE695CC0040B886 /* BankAccountCategorySelectionView.swift */,
				3C0C2C922CE67F890040B886 /* CreateTransactionAnalyticsView.swift */,
				3CD5C3342CAEB3880025EFDC /* CreateGoalView.swift */,
				3CD5C3382CB6D1BC0025EFDC /* EditGoalView.swift */,
				3CD5C33A2CB80B6D0025EFDC /* AllGoalsView.swift */,
				3CD536262CC69A480099B111 /* CreateBankAccountView.swift */,
				3CD5362B2CC7C8A00099B111 /* AddBankAccountView.swift */,
			);
			path = NavigationViews;
			sourceTree = "<group>";
		};
		3C72E2FF2CD2489100B7EA04 /* SubViews */ = {
			isa = PBXGroup;
			children = (
				3CE654A92D12FDFE00ADD08A /* FinHealth */,
				3C72E3122CD251E500B7EA04 /* Summary */,
				3C72E3022CD24F6800B7EA04 /* Goals */,
			);
			path = SubViews;
			sourceTree = "<group>";
		};
		3C72E3022CD24F6800B7EA04 /* Goals */ = {
			isa = PBXGroup;
			children = (
				3C72E30B2CD2506F00B7EA04 /* AnnualPaymentsItemView.swift */,
				3C72E3092CD2503300B7EA04 /* AnnualPaymentsSectionView.swift */,
				3C72E3072CD2500600B7EA04 /* GoalsView.swift */,
				3C72E3052CD24FD700B7EA04 /* AddGoalButtonView.swift */,
				3C72E3032CD24F8B00B7EA04 /* GoalsSectionView.swift */,
				3C72E3002CD248A200B7EA04 /* DragGoalsView.swift */,
			);
			path = Goals;
			sourceTree = "<group>";
		};
		3C72E30E2CD2512B00B7EA04 /* SubViews */ = {
			isa = PBXGroup;
			children = (
				3C72E30F2CD2513200B7EA04 /* CategoryListView.swift */,
			);
			path = SubViews;
			sourceTree = "<group>";
		};
		3C72E3122CD251E500B7EA04 /* Summary */ = {
			isa = PBXGroup;
			children = (
				3C72E3172CD2535200B7EA04 /* BankAcoountListView.swift */,
				3C72E3152CD252CD00B7EA04 /* TransactionElementView.swift */,
				3C72E3132CD2521800B7EA04 /* SummaryView.swift */,
			);
			path = Summary;
			sourceTree = "<group>";
		};
		3CA07A1E2D131B69004AF1DB /* Score */ = {
			isa = PBXGroup;
			children = (
				3C9F28172D13153500C3DB83 /* ScoreDiadramView.swift */,
				3CE654B72D13027200ADD08A /* ScoreView.swift */,
			);
			path = Score;
			sourceTree = "<group>";
		};
		3CA07A1F2D131B76004AF1DB /* Tempo */ = {
			isa = PBXGroup;
			children = (
				3CA07A262D132778004AF1DB /* PointerView.swift */,
				3CA07A242D132763004AF1DB /* PercentBlockView.swift */,
				3CA07A1C2D131B2E004AF1DB /* TempoView.swift */,
			);
			path = Tempo;
			sourceTree = "<group>";
		};
		3CA07A202D1326B1004AF1DB /* ShareInIncome */ = {
			isa = PBXGroup;
			children = (
				3CA07A222D1326FD004AF1DB /* ShareInIncome.swift */,
			);
			path = ShareInIncome;
			sourceTree = "<group>";
		};
		3CA07A2A2D1C449B004AF1DB /* SubViews */ = {
			isa = PBXGroup;
			children = (
				3CE9FBBB2CCAACF80046CD22 /* ProfileView */,
				3CE9FBB72CCAAADA0046CD22 /* ButtonsView */,
			);
			path = SubViews;
			sourceTree = "<group>";
		};
		3CA28B432CEB3C7600AD1D33 /* NavigationViews */ = {
			isa = PBXGroup;
			children = (
				3CA28B462CEB648F00AD1D33 /* CreateTransactionMainView.swift */,
				3CA28B442CEB3C8100AD1D33 /* CreateTransactionSelectCategoryView.swift */,
			);
			path = NavigationViews;
			sourceTree = "<group>";
		};
		3CC743E82C8DBC6E00F10E5E /* Custom Elements */ = {
			isa = PBXGroup;
			children = (
				3CE654A52D0C944700ADD08A /* CustomTabBarView.swift */,
				3C6196372CE25B520001B233 /* StepView.swift */,
				3C5617532CE236F4008BA8A1 /* CustomTextView.swift */,
				3C5385D62CCFE56300242054 /* CommonViews */,
			);
			path = "Custom Elements";
			sourceTree = "<group>";
		};
		3CD5C3172C9873D60025EFDC /* Pop-Ups */ = {
			isa = PBXGroup;
			children = (
				3CD5C3182C9873FF0025EFDC /* PopUpContentViews.swift */,
			);
			path = "Pop-Ups";
			sourceTree = "<group>";
		};
		3CD5C31A2C9877C30025EFDC /* Auth */ = {
			isa = PBXGroup;
			children = (
				3C21A7672D086B0900452DF3 /* LocalAuth */,
				3C5617412CE13231008BA8A1 /* ChangePasswordView.swift */,
				3CF4C16A2CDD3E7F007F6990 /* PasswordResetView.swift */,
				3CC743F12C8DC9C400F10E5E /* LoginView.swift */,
				3CC743F32C94CA9200F10E5E /* RegisterView.swift */,
				3CD5C3132C9863CA0025EFDC /* ConfirmEmailView.swift */,
			);
			path = Auth;
			sourceTree = "<group>";
		};
		3CD5C31D2CA2F83E0025EFDC /* Main Page */ = {
			isa = PBXGroup;
			children = (
				3CA28B432CEB3C7600AD1D33 /* NavigationViews */,
				3C72E30E2CD2512B00B7EA04 /* SubViews */,
				3CD5C31E2CA2F8630025EFDC /* MainPageView.swift */,
			);
			path = "Main Page";
			sourceTree = "<group>";
		};
		3CD5C3202CA2F9D60025EFDC /* Tab Bar */ = {
			isa = PBXGroup;
			children = (
				3CF201012CCA741A00A5620A /* Settings Page */,
				3CD5C32C2CAC2CD10025EFDC /* Analytics Page */,
				3CD5C31D2CA2F83E0025EFDC /* Main Page */,
				3CD5C3212CA2F9E80025EFDC /* TabBarView.swift */,
			);
			path = "Tab Bar";
			sourceTree = "<group>";
		};
		3CD5C3232CA2FB000025EFDC /* API */ = {
			isa = PBXGroup;
			children = (
				3CA07A282D19B260004AF1DB /* DataManager.swift */,
				3CE654A72D0C962D00ADD08A /* URLEntities.swift */,
				3CC53A192CD0B94A00C0B15E /* CategorizedTransaction.swift */,
				3CD5C3242CA2FB0D0025EFDC /* Income.swift */,
				3CD5C3262CA2FB370025EFDC /* Expense.swift */,
				3CD5C3282CA2FB540025EFDC /* Investments.swift */,
				3CD5C32A2CA2FB600025EFDC /* Profile.swift */,
				3CD5C3302CAC31B30025EFDC /* Goal.swift */,
				3CD5C3322CAC34AA0025EFDC /* FinHealth.swift */,
				3CD5C3362CB55BEB0025EFDC /* AnnualPayments.swift */,
				3CD5C33C2CB83A1E0025EFDC /* Transactions.swift */,
				3CD5C33E2CB83A310025EFDC /* Accounts.swift */,
			);
			path = API;
			sourceTree = "<group>";
		};
		3CD5C32C2CAC2CD10025EFDC /* Analytics Page */ = {
			isa = PBXGroup;
			children = (
				3C72E2FF2CD2489100B7EA04 /* SubViews */,
				3C72E2FD2CD2486900B7EA04 /* NavigationViews */,
				3CD5C32D2CAC2D0A0025EFDC /* AnalyticsPageView.swift */,
			);
			path = "Analytics Page";
			sourceTree = "<group>";
		};
		3CE654A42D0C8D3100ADD08A /* Utility */ = {
			isa = PBXGroup;
			children = (
				3CD9D7F62D380D3700C9BD39 /* Logger.swift */,
				3CE654A02D0B045100ADD08A /* URL.swift */,
				3CE654A12D0B045100ADD08A /* Utility.swift */,
				3CF4C16F2CDD6496007F6990 /* NotificationManager.swift */,
			);
			path = Utility;
			sourceTree = "<group>";
		};
		3CE654A92D12FDFE00ADD08A /* FinHealth */ = {
			isa = PBXGroup;
			children = (
				3CE654B62D13025B00ADD08A /* Custom */,
				3CE654B42D12FED200ADD08A /* PlanningDetailsView.swift */,
				3CE654B22D12FECC00ADD08A /* DebtDetailsView.swift */,
				3CE654B02D12FEBD00ADD08A /* InvestmentDetailsView.swift */,
				3CE654AE2D12FEB500ADD08A /* SavingDetailsView.swift */,
				3CE654AC2D12FEA400ADD08A /* ExpenceDetailsView.swift */,
				3CE654AA2D12FE1C00ADD08A /* FinHealthView.swift */,
			);
			path = FinHealth;
			sourceTree = "<group>";
		};
		3CE654B62D13025B00ADD08A /* Custom */ = {
			isa = PBXGroup;
			children = (
				3CA07A202D1326B1004AF1DB /* ShareInIncome */,
				3CA07A1F2D131B76004AF1DB /* Tempo */,
				3CA07A1E2D131B69004AF1DB /* Score */,
			);
			path = Custom;
			sourceTree = "<group>";
		};
		3CE9FBB32CCA93420046CD22 /* CoreData */ = {
			isa = PBXGroup;
			children = (
				3C4F0ECB2CCFA4DB008A8D14 /* CoreDataNavigationViews */,
				3CE9FBB42CCA934D0046CD22 /* ValuteSwitcherView.swift */,
			);
			path = CoreData;
			sourceTree = "<group>";
		};
		3CE9FBB72CCAAADA0046CD22 /* ButtonsView */ = {
			isa = PBXGroup;
			children = (
				3CE9FBB92CCAAB010046CD22 /* AppNavigatingButtonsListView.swift */,
			);
			path = ButtonsView;
			sourceTree = "<group>";
		};
		3CE9FBBB2CCAACF80046CD22 /* ProfileView */ = {
			isa = PBXGroup;
			children = (
				3CE9FBBC2CCAAD020046CD22 /* ProfileView.swift */,
			);
			path = ProfileView;
			sourceTree = "<group>";
		};
		3CF17A842C87812F00A601AC = {
			isa = PBXGroup;
			children = (
				3C2EC3762D3AA96D003AF0FB /* .swiftformat */,
				3C2EC3732D3AA4AC003AF0FB /* .swiftlint.yml */,
				3C2EC36C2D3A95F0003AF0FB /* .gitignore */,
				3CF17A8F2C87812F00A601AC /* CADV */,
				3CF17AA52C87813300A601AC /* CADVTests */,
				3CF17AAF2C87813300A601AC /* CADVUITests */,
				3CF17A8E2C87812F00A601AC /* Products */,
				23C9892F425190C93B7BC2BA /* Pods */,
				6D4841A1F1D34B3713E560C0 /* Frameworks */,
			);
			sourceTree = "<group>";
		};
		3CF17A8E2C87812F00A601AC /* Products */ = {
			isa = PBXGroup;
			children = (
				3CF17A8D2C87812F00A601AC /* CADV.app */,
				3CF17AA22C87813300A601AC /* CADVTests.xctest */,
				3CF17AAC2C87813300A601AC /* CADVUITests.xctest */,
			);
			name = Products;
			sourceTree = "<group>";
		};
		3CF17A8F2C87812F00A601AC /* CADV */ = {
			isa = PBXGroup;
			children = (
				3C5617452CE23458008BA8A1 /* Fonts */,
				3CF4C16C2CDD4F35007F6990 /* Info.plist */,
				3CF17AC22C87874A00A601AC /* Views */,
				3CF17ABF2C8783DF00A601AC /* Models */,
				3CF17A902C87812F00A601AC /* CADVApp.swift */,
				3CF17A922C87812F00A601AC /* ContentView.swift */,
				3CF17A942C87813200A601AC /* Assets.xcassets */,
				3CF17A992C87813200A601AC /* Persistence.swift */,
				3CF17A9B2C87813200A601AC /* CADV.xcdatamodeld */,
				3CF17A962C87813200A601AC /* Preview Content */,
				3C2EC36D2D3A9BC6003AF0FB /* GoogleService-Info.plist */,
			);
			path = CADV;
			sourceTree = "<group>";
		};
		3CF17A962C87813200A601AC /* Preview Content */ = {
			isa = PBXGroup;
			children = (
				3CF17A972C87813200A601AC /* Preview Assets.xcassets */,
			);
			path = "Preview Content";
			sourceTree = "<group>";
		};
		3CF17AA52C87813300A601AC /* CADVTests */ = {
			isa = PBXGroup;
			children = (
				3CF17AA62C87813300A601AC /* CADVTests.swift */,
			);
			path = CADVTests;
			sourceTree = "<group>";
		};
		3CF17AAF2C87813300A601AC /* CADVUITests */ = {
			isa = PBXGroup;
			children = (
				3CF17AB02C87813300A601AC /* CADVUITests.swift */,
				3CF17AB22C87813300A601AC /* CADVUITestsLaunchTests.swift */,
			);
			path = CADVUITests;
			sourceTree = "<group>";
		};
		3CF17ABF2C8783DF00A601AC /* Models */ = {
			isa = PBXGroup;
			children = (
				3C2EC36B2D3A9569003AF0FB /* Metrics */,
				3C21A76A2D086BC200452DF3 /* KeyChain */,
				3CD5C3232CA2FB000025EFDC /* API */,
				3CE654A42D0C8D3100ADD08A /* Utility */,
			);
			path = Models;
			sourceTree = "<group>";
		};
		3CF17AC22C87874A00A601AC /* Views */ = {
			isa = PBXGroup;
			children = (
				3C21A76B2D09F02C00452DF3 /* StartViews */,
				3CD5C3202CA2F9D60025EFDC /* Tab Bar */,
				3CD5C31A2C9877C30025EFDC /* Auth */,
				3CD5C3172C9873D60025EFDC /* Pop-Ups */,
				3CC743E82C8DBC6E00F10E5E /* Custom Elements */,
			);
			path = Views;
			sourceTree = "<group>";
		};
		3CF201012CCA741A00A5620A /* Settings Page */ = {
			isa = PBXGroup;
			children = (
				3CA07A2A2D1C449B004AF1DB /* SubViews */,
				3C4F0ECC2CCFA57C008A8D14 /* NavigationViews */,
				3CE9FBB32CCA93420046CD22 /* CoreData */,
				3CF201022CCA742300A5620A /* SettingsPageView.swift */,
			);
			path = "Settings Page";
			sourceTree = "<group>";
		};
		3CF4C1612CDCFDF1007F6990 /* CategorySettings */ = {
			isa = PBXGroup;
			children = (
				3CF4C1682CDD28B1007F6990 /* CategorySettingsView.swift */,
				3CF4C1622CDCFDFC007F6990 /* AddCategoryView.swift */,
			);
			path = CategorySettings;
			sourceTree = "<group>";
		};
		6D4841A1F1D34B3713E560C0 /* Frameworks */ = {
			isa = PBXGroup;
			children = (
				0088CB40A0FB052893316D8F /* Pods_CADV.framework */,
				A1AE5BDBAF872FA631CF7EF0 /* Pods_CADV_CADVUITests.framework */,
				FBF9FF1F1B895398A43FC260 /* Pods_CADVTests.framework */,
			);
			name = Frameworks;
			sourceTree = "<group>";
		};
/* End PBXGroup section */

/* Begin PBXHeadersBuildPhase section */
		3C2EC3742D3AA822003AF0FB /* Headers */ = {
			isa = PBXHeadersBuildPhase;
			buildActionMask = 2147483647;
			files = (
			);
			runOnlyForDeploymentPostprocessing = 0;
		};
/* End PBXHeadersBuildPhase section */

/* Begin PBXNativeTarget section */
		3CF17A8C2C87812F00A601AC /* CADV */ = {
			isa = PBXNativeTarget;
			buildConfigurationList = 3CF17AB62C87813300A601AC /* Build configuration list for PBXNativeTarget "CADV" */;
			buildPhases = (
				74923946A2EBCF5EAD8D8309 /* [CP] Check Pods Manifest.lock */,
				3C2EC3742D3AA822003AF0FB /* Headers */,
				3CF17A892C87812F00A601AC /* Sources */,
				3CF17A8A2C87812F00A601AC /* Frameworks */,
				3CF17A8B2C87812F00A601AC /* Resources */,
				AA084779183617CF18F9B4FB /* [CP] Embed Pods Frameworks */,
			);
			buildRules = (
			);
			dependencies = (
			);
			name = CADV;
			productName = CADV;
			productReference = 3CF17A8D2C87812F00A601AC /* CADV.app */;
			productType = "com.apple.product-type.application";
		};
		3CF17AA12C87813300A601AC /* CADVTests */ = {
			isa = PBXNativeTarget;
			buildConfigurationList = 3CF17AB92C87813300A601AC /* Build configuration list for PBXNativeTarget "CADVTests" */;
			buildPhases = (
				2D286AD18EB7A70DBF8908EB /* [CP] Check Pods Manifest.lock */,
				3CF17A9E2C87813300A601AC /* Sources */,
				3CF17A9F2C87813300A601AC /* Frameworks */,
				3CF17AA02C87813300A601AC /* Resources */,
			);
			buildRules = (
			);
			dependencies = (
				3CF17AA42C87813300A601AC /* PBXTargetDependency */,
			);
			name = CADVTests;
			productName = CADVTests;
			productReference = 3CF17AA22C87813300A601AC /* CADVTests.xctest */;
			productType = "com.apple.product-type.bundle.unit-test";
		};
		3CF17AAB2C87813300A601AC /* CADVUITests */ = {
			isa = PBXNativeTarget;
			buildConfigurationList = 3CF17ABC2C87813300A601AC /* Build configuration list for PBXNativeTarget "CADVUITests" */;
			buildPhases = (
				2BB12B3C1500D71EDF54DCB6 /* [CP] Check Pods Manifest.lock */,
				3CF17AA82C87813300A601AC /* Sources */,
				3CF17AA92C87813300A601AC /* Frameworks */,
				3CF17AAA2C87813300A601AC /* Resources */,
				AD0E366D092CD3C4D643E20E /* [CP] Embed Pods Frameworks */,
			);
			buildRules = (
			);
			dependencies = (
				3CF17AAE2C87813300A601AC /* PBXTargetDependency */,
			);
			name = CADVUITests;
			productName = CADVUITests;
			productReference = 3CF17AAC2C87813300A601AC /* CADVUITests.xctest */;
			productType = "com.apple.product-type.bundle.ui-testing";
		};
/* End PBXNativeTarget section */

/* Begin PBXProject section */
		3CF17A852C87812F00A601AC /* Project object */ = {
			isa = PBXProject;
			attributes = {
				BuildIndependentTargetsInParallel = 1;
				LastSwiftUpdateCheck = 1540;
				LastUpgradeCheck = 1600;
				TargetAttributes = {
					3CF17A8C2C87812F00A601AC = {
						CreatedOnToolsVersion = 15.4;
					};
					3CF17AA12C87813300A601AC = {
						CreatedOnToolsVersion = 15.4;
						TestTargetID = 3CF17A8C2C87812F00A601AC;
					};
					3CF17AAB2C87813300A601AC = {
						CreatedOnToolsVersion = 15.4;
						TestTargetID = 3CF17A8C2C87812F00A601AC;
					};
				};
			};
			buildConfigurationList = 3CF17A882C87812F00A601AC /* Build configuration list for PBXProject "CADV" */;
			compatibilityVersion = "Xcode 14.0";
			developmentRegion = en;
			hasScannedForEncodings = 0;
			knownRegions = (
				en,
				Base,
			);
			mainGroup = 3CF17A842C87812F00A601AC;
			productRefGroup = 3CF17A8E2C87812F00A601AC /* Products */;
			projectDirPath = "";
			projectRoot = "";
			targets = (
				3CF17A8C2C87812F00A601AC /* CADV */,
				3CF17AA12C87813300A601AC /* CADVTests */,
				3CF17AAB2C87813300A601AC /* CADVUITests */,
			);
		};
/* End PBXProject section */

/* Begin PBXResourcesBuildPhase section */
		3CF17A8B2C87812F00A601AC /* Resources */ = {
			isa = PBXResourcesBuildPhase;
			buildActionMask = 2147483647;
			files = (
				3C56174A2CE23491008BA8A1 /* Inter-Bold.ttf in Resources */,
				3C2EC36E2D3A9BC6003AF0FB /* GoogleService-Info.plist in Resources */,
				3C56174D2CE234A3008BA8A1 /* Gilroy-Semibold.ttf in Resources */,
				3C56174B2CE23491008BA8A1 /* Inter-SemiBold.ttf in Resources */,
				3C56174F2CE234B4008BA8A1 /* Gilroy-Bold.ttf in Resources */,
				3C5617522CE23643008BA8A1 /* Montserrat.ttf in Resources */,
				3CF17A982C87813200A601AC /* Preview Assets.xcassets in Resources */,
				3CF17A952C87813200A601AC /* Assets.xcassets in Resources */,
			);
			runOnlyForDeploymentPostprocessing = 0;
		};
		3CF17AA02C87813300A601AC /* Resources */ = {
			isa = PBXResourcesBuildPhase;
			buildActionMask = 2147483647;
			files = (
			);
			runOnlyForDeploymentPostprocessing = 0;
		};
		3CF17AAA2C87813300A601AC /* Resources */ = {
			isa = PBXResourcesBuildPhase;
			buildActionMask = 2147483647;
			files = (
			);
			runOnlyForDeploymentPostprocessing = 0;
		};
/* End PBXResourcesBuildPhase section */

/* Begin PBXShellScriptBuildPhase section */
		2BB12B3C1500D71EDF54DCB6 /* [CP] Check Pods Manifest.lock */ = {
			isa = PBXShellScriptBuildPhase;
			buildActionMask = 2147483647;
			files = (
			);
			inputFileListPaths = (
			);
			inputPaths = (
				"${PODS_PODFILE_DIR_PATH}/Podfile.lock",
				"${PODS_ROOT}/Manifest.lock",
			);
			name = "[CP] Check Pods Manifest.lock";
			outputFileListPaths = (
			);
			outputPaths = (
				"$(DERIVED_FILE_DIR)/Pods-CADV-CADVUITests-checkManifestLockResult.txt",
			);
			runOnlyForDeploymentPostprocessing = 0;
			shellPath = /bin/sh;
			shellScript = "diff \"${PODS_PODFILE_DIR_PATH}/Podfile.lock\" \"${PODS_ROOT}/Manifest.lock\" > /dev/null\nif [ $? != 0 ] ; then\n    # print error to STDERR\n    echo \"error: The sandbox is not in sync with the Podfile.lock. Run 'pod install' or update your CocoaPods installation.\" >&2\n    exit 1\nfi\n# This output is used by Xcode 'outputs' to avoid re-running this script phase.\necho \"SUCCESS\" > \"${SCRIPT_OUTPUT_FILE_0}\"\n";
			showEnvVarsInLog = 0;
		};
		2D286AD18EB7A70DBF8908EB /* [CP] Check Pods Manifest.lock */ = {
			isa = PBXShellScriptBuildPhase;
			buildActionMask = 2147483647;
			files = (
			);
			inputFileListPaths = (
			);
			inputPaths = (
				"${PODS_PODFILE_DIR_PATH}/Podfile.lock",
				"${PODS_ROOT}/Manifest.lock",
			);
			name = "[CP] Check Pods Manifest.lock";
			outputFileListPaths = (
			);
			outputPaths = (
				"$(DERIVED_FILE_DIR)/Pods-CADVTests-checkManifestLockResult.txt",
			);
			runOnlyForDeploymentPostprocessing = 0;
			shellPath = /bin/sh;
			shellScript = "diff \"${PODS_PODFILE_DIR_PATH}/Podfile.lock\" \"${PODS_ROOT}/Manifest.lock\" > /dev/null\nif [ $? != 0 ] ; then\n    # print error to STDERR\n    echo \"error: The sandbox is not in sync with the Podfile.lock. Run 'pod install' or update your CocoaPods installation.\" >&2\n    exit 1\nfi\n# This output is used by Xcode 'outputs' to avoid re-running this script phase.\necho \"SUCCESS\" > \"${SCRIPT_OUTPUT_FILE_0}\"\n";
			showEnvVarsInLog = 0;
		};
		74923946A2EBCF5EAD8D8309 /* [CP] Check Pods Manifest.lock */ = {
			isa = PBXShellScriptBuildPhase;
			buildActionMask = 2147483647;
			files = (
			);
			inputFileListPaths = (
			);
			inputPaths = (
				"${PODS_PODFILE_DIR_PATH}/Podfile.lock",
				"${PODS_ROOT}/Manifest.lock",
			);
			name = "[CP] Check Pods Manifest.lock";
			outputFileListPaths = (
			);
			outputPaths = (
				"$(DERIVED_FILE_DIR)/Pods-CADV-checkManifestLockResult.txt",
			);
			runOnlyForDeploymentPostprocessing = 0;
			shellPath = /bin/sh;
			shellScript = "diff \"${PODS_PODFILE_DIR_PATH}/Podfile.lock\" \"${PODS_ROOT}/Manifest.lock\" > /dev/null\nif [ $? != 0 ] ; then\n    # print error to STDERR\n    echo \"error: The sandbox is not in sync with the Podfile.lock. Run 'pod install' or update your CocoaPods installation.\" >&2\n    exit 1\nfi\n# This output is used by Xcode 'outputs' to avoid re-running this script phase.\necho \"SUCCESS\" > \"${SCRIPT_OUTPUT_FILE_0}\"\n";
			showEnvVarsInLog = 0;
		};
		AA084779183617CF18F9B4FB /* [CP] Embed Pods Frameworks */ = {
			isa = PBXShellScriptBuildPhase;
			buildActionMask = 2147483647;
			files = (
			);
			inputFileListPaths = (
				"${PODS_ROOT}/Target Support Files/Pods-CADV/Pods-CADV-frameworks-${CONFIGURATION}-input-files.xcfilelist",
			);
			name = "[CP] Embed Pods Frameworks";
			outputFileListPaths = (
				"${PODS_ROOT}/Target Support Files/Pods-CADV/Pods-CADV-frameworks-${CONFIGURATION}-output-files.xcfilelist",
			);
			runOnlyForDeploymentPostprocessing = 0;
			shellPath = /bin/sh;
			shellScript = "\"${PODS_ROOT}/Target Support Files/Pods-CADV/Pods-CADV-frameworks.sh\"\n";
			showEnvVarsInLog = 0;
		};
		AD0E366D092CD3C4D643E20E /* [CP] Embed Pods Frameworks */ = {
			isa = PBXShellScriptBuildPhase;
			buildActionMask = 2147483647;
			files = (
			);
			inputFileListPaths = (
				"${PODS_ROOT}/Target Support Files/Pods-CADV-CADVUITests/Pods-CADV-CADVUITests-frameworks-${CONFIGURATION}-input-files.xcfilelist",
			);
			name = "[CP] Embed Pods Frameworks";
			outputFileListPaths = (
				"${PODS_ROOT}/Target Support Files/Pods-CADV-CADVUITests/Pods-CADV-CADVUITests-frameworks-${CONFIGURATION}-output-files.xcfilelist",
			);
			runOnlyForDeploymentPostprocessing = 0;
			shellPath = /bin/sh;
			shellScript = "\"${PODS_ROOT}/Target Support Files/Pods-CADV-CADVUITests/Pods-CADV-CADVUITests-frameworks.sh\"\n";
			showEnvVarsInLog = 0;
		};
/* End PBXShellScriptBuildPhase section */

/* Begin PBXSourcesBuildPhase section */
		3CF17A892C87812F00A601AC /* Sources */ = {
			isa = PBXSourcesBuildPhase;
			buildActionMask = 2147483647;
			files = (
				3C72E3012CD248AA00B7EA04 /* DragGoalsView.swift in Sources */,
				3CD5C3292CA2FB540025EFDC /* Investments.swift in Sources */,
				3CE654A82D0C963300ADD08A /* URLEntities.swift in Sources */,
				3C72E30A2CD2503B00B7EA04 /* AnnualPaymentsSectionView.swift in Sources */,
				3CA28B452CEB3C9400AD1D33 /* CreateTransactionSelectCategoryView.swift in Sources */,
				3C0C2C952CE695D70040B886 /* BankAccountCategorySelectionView.swift in Sources */,
				3CD5C3142C9863CA0025EFDC /* ConfirmEmailView.swift in Sources */,
				3CD5362C2CC7C8A00099B111 /* AddBankAccountView.swift in Sources */,
				3CA07A232D132702004AF1DB /* ShareInIncome.swift in Sources */,
				3CC743F22C8DC9C400F10E5E /* LoginView.swift in Sources */,
				3C5385DA2CCFF58700242054 /* CommonSectionViews.swift in Sources */,
				3CD5C3372CB55BEB0025EFDC /* AnnualPayments.swift in Sources */,
				3C72E3082CD2500900B7EA04 /* GoalsView.swift in Sources */,
				3C21A7692D086B7600452DF3 /* LocalAuthKeychain.swift in Sources */,
				3CD5C31F2CA2F8630025EFDC /* MainPageView.swift in Sources */,
				3CD5C32E2CAC2D0A0025EFDC /* AnalyticsPageView.swift in Sources */,
				3CC743F42C94CA9200F10E5E /* RegisterView.swift in Sources */,
				3C5617422CE13238008BA8A1 /* ChangePasswordView.swift in Sources */,
				3C72E3062CD24FDF00B7EA04 /* AddGoalButtonView.swift in Sources */,
				3C72E3162CD252D300B7EA04 /* TransactionElementView.swift in Sources */,
				3C4F0ECE2CCFA6CE008A8D14 /* ProfileSettingsView.swift in Sources */,
				3C5617442CE22369008BA8A1 /* SplashScreen.swift in Sources */,
				3CE654A62D0C944E00ADD08A /* CustomTabBarView.swift in Sources */,
				3CC53A182CD0AF2D00C0B15E /* ErrorViews.swift in Sources */,
				3CD5C33F2CB83A310025EFDC /* Accounts.swift in Sources */,
				3CE9FBB52CCA93540046CD22 /* ValuteSwitcherView.swift in Sources */,
				3CE654A22D0B045100ADD08A /* URL.swift in Sources */,
				3CE654B52D12FED500ADD08A /* PlanningDetailsView.swift in Sources */,
				3CE654A32D0B045100ADD08A /* Utility.swift in Sources */,
				3CE654AB2D12FE2100ADD08A /* FinHealthView.swift in Sources */,
				3CD9D7F52D380A1300C9BD39 /* UUID.swift in Sources */,
				3CD5C3312CAC31B30025EFDC /* Goal.swift in Sources */,
				3C72E3182CD2535E00B7EA04 /* BankAcoountListView.swift in Sources */,
				3C9F28182D13153C00C3DB83 /* ScoreDiadramView.swift in Sources */,
				3CF4C1632CDCFE01007F6990 /* AddCategoryView.swift in Sources */,
				3C72E3142CD2521F00B7EA04 /* SummaryView.swift in Sources */,
				3CD5C3252CA2FB0D0025EFDC /* Income.swift in Sources */,
				3CD5C3392CB6D1BC0025EFDC /* EditGoalView.swift in Sources */,
				3CA07A292D19B264004AF1DB /* DataManager.swift in Sources */,
				3CD5C33D2CB83A1E0025EFDC /* Transactions.swift in Sources */,
				3C21A7662D0869FD00452DF3 /* LocalAuthView.swift in Sources */,
				3C72E3042CD24F9100B7EA04 /* GoalsSectionView.swift in Sources */,
				3C2EC37A2D3AB165003AF0FB /* Firebase.swift in Sources */,
				3CA28B472CEB649600AD1D33 /* CreateTransactionMainView.swift in Sources */,
				3C5617542CE236F9008BA8A1 /* CustomTextView.swift in Sources */,
				3CD5C3272CA2FB370025EFDC /* Expense.swift in Sources */,
				3CE654AD2D12FEAA00ADD08A /* ExpenceDetailsView.swift in Sources */,
				3C72E30C2CD2507300B7EA04 /* AnnualPaymentsItemView.swift in Sources */,
				3CD5C32B2CA2FB600025EFDC /* Profile.swift in Sources */,
				3CF4C1692CDD28B6007F6990 /* CategorySettingsView.swift in Sources */,
				3CE9FBBA2CCAAB0E0046CD22 /* AppNavigatingButtonsListView.swift in Sources */,
				3CD536272CC69A480099B111 /* CreateBankAccountView.swift in Sources */,
				3CF17A9A2C87813200A601AC /* Persistence.swift in Sources */,
				3CA07A272D13277C004AF1DB /* PointerView.swift in Sources */,
				3CC743F02C8DC49600F10E5E /* StartView.swift in Sources */,
				3CF4C1702CDD649E007F6990 /* NotificationManager.swift in Sources */,
				3CD9D7F72D380D3B00C9BD39 /* Logger.swift in Sources */,
				3CA07A1D2D131B37004AF1DB /* TempoView.swift in Sources */,
				3CA07A252D132767004AF1DB /* PercentBlockView.swift in Sources */,
				3CD5C33B2CB80B6D0025EFDC /* AllGoalsView.swift in Sources */,
				3C6196382CE25B550001B233 /* StepView.swift in Sources */,
				3CD5C3332CAC34AA0025EFDC /* FinHealth.swift in Sources */,
				3CE654B12D12FEC200ADD08A /* InvestmentDetailsView.swift in Sources */,
				3CF201032CCA742C00A5620A /* SettingsPageView.swift in Sources */,
				3CE9FBBD2CCAAD050046CD22 /* ProfileView.swift in Sources */,
				3CF4C1652CDD24B9007F6990 /* OperationsArchiveView.swift in Sources */,
				3CD5C3222CA2F9E80025EFDC /* TabBarView.swift in Sources */,
				3CE654B32D12FECF00ADD08A /* DebtDetailsView.swift in Sources */,
				3C0C2C932CE67F910040B886 /* CreateTransactionAnalyticsView.swift in Sources */,
				3CF4C1672CDD2781007F6990 /* SupportRequestView.swift in Sources */,
				3CF17A932C87812F00A601AC /* ContentView.swift in Sources */,
				3C72E3102CD2513800B7EA04 /* CategoryListView.swift in Sources */,
				3CE654AF2D12FEB800ADD08A /* SavingDetailsView.swift in Sources */,
				3CC53A1A2CD0B96000C0B15E /* CategorizedTransaction.swift in Sources */,
				3CE654B82D13027500ADD08A /* ScoreView.swift in Sources */,
				3CF17A912C87812F00A601AC /* CADVApp.swift in Sources */,
				3C5385D82CCFE56C00242054 /* CommonButtonViews.swift in Sources */,
				3CF17A9D2C87813200A601AC /* CADV.xcdatamodeld in Sources */,
				3CF4C16B2CDD3E85007F6990 /* PasswordResetView.swift in Sources */,
				3CD5C3192C9873FF0025EFDC /* PopUpContentViews.swift in Sources */,
				3CD5C3352CAEB3880025EFDC /* CreateGoalView.swift in Sources */,
			);
			runOnlyForDeploymentPostprocessing = 0;
		};
		3CF17A9E2C87813300A601AC /* Sources */ = {
			isa = PBXSourcesBuildPhase;
			buildActionMask = 2147483647;
			files = (
				3CF17AA72C87813300A601AC /* CADVTests.swift in Sources */,
			);
			runOnlyForDeploymentPostprocessing = 0;
		};
		3CF17AA82C87813300A601AC /* Sources */ = {
			isa = PBXSourcesBuildPhase;
			buildActionMask = 2147483647;
			files = (
				3CF17AB32C87813300A601AC /* CADVUITestsLaunchTests.swift in Sources */,
				3CF17AB12C87813300A601AC /* CADVUITests.swift in Sources */,
			);
			runOnlyForDeploymentPostprocessing = 0;
		};
/* End PBXSourcesBuildPhase section */

/* Begin PBXTargetDependency section */
		3CF17AA42C87813300A601AC /* PBXTargetDependency */ = {
			isa = PBXTargetDependency;
			target = 3CF17A8C2C87812F00A601AC /* CADV */;
			targetProxy = 3CF17AA32C87813300A601AC /* PBXContainerItemProxy */;
		};
		3CF17AAE2C87813300A601AC /* PBXTargetDependency */ = {
			isa = PBXTargetDependency;
			target = 3CF17A8C2C87812F00A601AC /* CADV */;
			targetProxy = 3CF17AAD2C87813300A601AC /* PBXContainerItemProxy */;
		};
/* End PBXTargetDependency section */

/* Begin XCBuildConfiguration section */
		3CF17AB42C87813300A601AC /* Debug */ = {
			isa = XCBuildConfiguration;
			buildSettings = {
				ALWAYS_SEARCH_USER_PATHS = NO;
				ASSETCATALOG_COMPILER_GENERATE_SWIFT_ASSET_SYMBOL_EXTENSIONS = YES;
				CLANG_ANALYZER_NONNULL = YES;
				CLANG_ANALYZER_NUMBER_OBJECT_CONVERSION = YES_AGGRESSIVE;
				CLANG_CXX_LANGUAGE_STANDARD = "gnu++20";
				CLANG_ENABLE_MODULES = YES;
				CLANG_ENABLE_OBJC_ARC = YES;
				CLANG_ENABLE_OBJC_WEAK = YES;
				CLANG_WARN_BLOCK_CAPTURE_AUTORELEASING = YES;
				CLANG_WARN_BOOL_CONVERSION = YES;
				CLANG_WARN_COMMA = YES;
				CLANG_WARN_CONSTANT_CONVERSION = YES;
				CLANG_WARN_DEPRECATED_OBJC_IMPLEMENTATIONS = YES;
				CLANG_WARN_DIRECT_OBJC_ISA_USAGE = YES_ERROR;
				CLANG_WARN_DOCUMENTATION_COMMENTS = YES;
				CLANG_WARN_EMPTY_BODY = YES;
				CLANG_WARN_ENUM_CONVERSION = YES;
				CLANG_WARN_INFINITE_RECURSION = YES;
				CLANG_WARN_INT_CONVERSION = YES;
				CLANG_WARN_NON_LITERAL_NULL_CONVERSION = YES;
				CLANG_WARN_OBJC_IMPLICIT_RETAIN_SELF = YES;
				CLANG_WARN_OBJC_LITERAL_CONVERSION = YES;
				CLANG_WARN_OBJC_ROOT_CLASS = YES_ERROR;
				CLANG_WARN_QUOTED_INCLUDE_IN_FRAMEWORK_HEADER = YES;
				CLANG_WARN_RANGE_LOOP_ANALYSIS = YES;
				CLANG_WARN_STRICT_PROTOTYPES = YES;
				CLANG_WARN_SUSPICIOUS_MOVE = YES;
				CLANG_WARN_UNGUARDED_AVAILABILITY = YES_AGGRESSIVE;
				CLANG_WARN_UNREACHABLE_CODE = YES;
				CLANG_WARN__DUPLICATE_METHOD_MATCH = YES;
				COPY_PHASE_STRIP = NO;
				DEBUG_INFORMATION_FORMAT = dwarf;
				ENABLE_STRICT_OBJC_MSGSEND = YES;
				ENABLE_TESTABILITY = YES;
				ENABLE_USER_SCRIPT_SANDBOXING = YES;
				GCC_C_LANGUAGE_STANDARD = gnu17;
				GCC_DYNAMIC_NO_PIC = NO;
				GCC_NO_COMMON_BLOCKS = YES;
				GCC_OPTIMIZATION_LEVEL = 0;
				GCC_PREPROCESSOR_DEFINITIONS = (
					"DEBUG=1",
					"$(inherited)",
				);
				GCC_WARN_64_TO_32_BIT_CONVERSION = YES;
				GCC_WARN_ABOUT_RETURN_TYPE = YES_ERROR;
				GCC_WARN_UNDECLARED_SELECTOR = YES;
				GCC_WARN_UNINITIALIZED_AUTOS = YES_AGGRESSIVE;
				GCC_WARN_UNUSED_FUNCTION = YES;
				GCC_WARN_UNUSED_VARIABLE = YES;
				IPHONEOS_DEPLOYMENT_TARGET = 17.5;
				LOCALIZATION_PREFERS_STRING_CATALOGS = YES;
				MTL_ENABLE_DEBUG_INFO = INCLUDE_SOURCE;
				MTL_FAST_MATH = YES;
				ONLY_ACTIVE_ARCH = YES;
				SDKROOT = iphoneos;
				SWIFT_ACTIVE_COMPILATION_CONDITIONS = "DEBUG $(inherited)";
				SWIFT_OPTIMIZATION_LEVEL = "-Onone";
			};
			name = Debug;
		};
		3CF17AB52C87813300A601AC /* Release */ = {
			isa = XCBuildConfiguration;
			buildSettings = {
				ALWAYS_SEARCH_USER_PATHS = NO;
				ASSETCATALOG_COMPILER_GENERATE_SWIFT_ASSET_SYMBOL_EXTENSIONS = YES;
				CLANG_ANALYZER_NONNULL = YES;
				CLANG_ANALYZER_NUMBER_OBJECT_CONVERSION = YES_AGGRESSIVE;
				CLANG_CXX_LANGUAGE_STANDARD = "gnu++20";
				CLANG_ENABLE_MODULES = YES;
				CLANG_ENABLE_OBJC_ARC = YES;
				CLANG_ENABLE_OBJC_WEAK = YES;
				CLANG_WARN_BLOCK_CAPTURE_AUTORELEASING = YES;
				CLANG_WARN_BOOL_CONVERSION = YES;
				CLANG_WARN_COMMA = YES;
				CLANG_WARN_CONSTANT_CONVERSION = YES;
				CLANG_WARN_DEPRECATED_OBJC_IMPLEMENTATIONS = YES;
				CLANG_WARN_DIRECT_OBJC_ISA_USAGE = YES_ERROR;
				CLANG_WARN_DOCUMENTATION_COMMENTS = YES;
				CLANG_WARN_EMPTY_BODY = YES;
				CLANG_WARN_ENUM_CONVERSION = YES;
				CLANG_WARN_INFINITE_RECURSION = YES;
				CLANG_WARN_INT_CONVERSION = YES;
				CLANG_WARN_NON_LITERAL_NULL_CONVERSION = YES;
				CLANG_WARN_OBJC_IMPLICIT_RETAIN_SELF = YES;
				CLANG_WARN_OBJC_LITERAL_CONVERSION = YES;
				CLANG_WARN_OBJC_ROOT_CLASS = YES_ERROR;
				CLANG_WARN_QUOTED_INCLUDE_IN_FRAMEWORK_HEADER = YES;
				CLANG_WARN_RANGE_LOOP_ANALYSIS = YES;
				CLANG_WARN_STRICT_PROTOTYPES = YES;
				CLANG_WARN_SUSPICIOUS_MOVE = YES;
				CLANG_WARN_UNGUARDED_AVAILABILITY = YES_AGGRESSIVE;
				CLANG_WARN_UNREACHABLE_CODE = YES;
				CLANG_WARN__DUPLICATE_METHOD_MATCH = YES;
				COPY_PHASE_STRIP = NO;
				DEBUG_INFORMATION_FORMAT = "dwarf-with-dsym";
				ENABLE_NS_ASSERTIONS = NO;
				ENABLE_STRICT_OBJC_MSGSEND = YES;
				ENABLE_USER_SCRIPT_SANDBOXING = YES;
				GCC_C_LANGUAGE_STANDARD = gnu17;
				GCC_NO_COMMON_BLOCKS = YES;
				GCC_WARN_64_TO_32_BIT_CONVERSION = YES;
				GCC_WARN_ABOUT_RETURN_TYPE = YES_ERROR;
				GCC_WARN_UNDECLARED_SELECTOR = YES;
				GCC_WARN_UNINITIALIZED_AUTOS = YES_AGGRESSIVE;
				GCC_WARN_UNUSED_FUNCTION = YES;
				GCC_WARN_UNUSED_VARIABLE = YES;
				IPHONEOS_DEPLOYMENT_TARGET = 17.5;
				LOCALIZATION_PREFERS_STRING_CATALOGS = YES;
				MTL_ENABLE_DEBUG_INFO = NO;
				MTL_FAST_MATH = YES;
				SDKROOT = iphoneos;
				SWIFT_COMPILATION_MODE = wholemodule;
				VALIDATE_PRODUCT = YES;
			};
			name = Release;
		};
		3CF17AB72C87813300A601AC /* Debug */ = {
			isa = XCBuildConfiguration;
			baseConfigurationReference = D848BE31806D96CC06C5D750 /* Pods-CADV.debug.xcconfig */;
			buildSettings = {
				ASSETCATALOG_COMPILER_APPICON_NAME = AppIcon;
				ASSETCATALOG_COMPILER_GLOBAL_ACCENT_COLOR_NAME = AccentColor;
				CODE_SIGN_STYLE = Automatic;
				CURRENT_PROJECT_VERSION = 1;
				DEVELOPMENT_ASSET_PATHS = "\"CADV/Preview Content\"";
				DEVELOPMENT_TEAM = 2466T95QV6;
				ENABLE_PREVIEWS = YES;
				ENABLE_USER_SCRIPT_SANDBOXING = NO;
				GENERATE_INFOPLIST_FILE = YES;
				INFOPLIST_FILE = CADV/Info.plist;
				INFOPLIST_KEY_CFBundleDisplayName = "Cash Advisor";
				INFOPLIST_KEY_LSApplicationCategoryType = "public.app-category.finance";
				INFOPLIST_KEY_UIApplicationSceneManifest_Generation = YES;
				INFOPLIST_KEY_UIApplicationSupportsIndirectInputEvents = YES;
				INFOPLIST_KEY_UISupportedInterfaceOrientations_iPad = "UIInterfaceOrientationPortrait UIInterfaceOrientationPortraitUpsideDown";
				INFOPLIST_KEY_UISupportedInterfaceOrientations_iPhone = UIInterfaceOrientationPortrait;
				LD_RUNPATH_SEARCH_PATHS = (
					"$(inherited)",
					"@executable_path/Frameworks",
				);
				MARKETING_VERSION = 1.0;
				PRODUCT_BUNDLE_IDENTIFIER = com.wachrusz.CADV;
				PRODUCT_NAME = "$(TARGET_NAME)";
				SUPPORTED_PLATFORMS = "iphoneos iphonesimulator";
				SUPPORTS_MACCATALYST = NO;
				SUPPORTS_MAC_DESIGNED_FOR_IPHONE_IPAD = NO;
				SUPPORTS_XR_DESIGNED_FOR_IPHONE_IPAD = NO;
				SWIFT_EMIT_LOC_STRINGS = YES;
				SWIFT_VERSION = 5.0;
				TARGETED_DEVICE_FAMILY = "1,2";
			};
			name = Debug;
		};
		3CF17AB82C87813300A601AC /* Release */ = {
			isa = XCBuildConfiguration;
			baseConfigurationReference = 63D890BE072B2CAEED784E4E /* Pods-CADV.release.xcconfig */;
			buildSettings = {
				ASSETCATALOG_COMPILER_APPICON_NAME = AppIcon;
				ASSETCATALOG_COMPILER_GLOBAL_ACCENT_COLOR_NAME = AccentColor;
				CODE_SIGN_STYLE = Automatic;
				CURRENT_PROJECT_VERSION = 1;
				DEVELOPMENT_ASSET_PATHS = "\"CADV/Preview Content\"";
				DEVELOPMENT_TEAM = 2466T95QV6;
				ENABLE_PREVIEWS = YES;
				ENABLE_USER_SCRIPT_SANDBOXING = NO;
				GENERATE_INFOPLIST_FILE = YES;
				INFOPLIST_FILE = CADV/Info.plist;
				INFOPLIST_KEY_CFBundleDisplayName = "Cash Advisor";
				INFOPLIST_KEY_LSApplicationCategoryType = "public.app-category.finance";
				INFOPLIST_KEY_UIApplicationSceneManifest_Generation = YES;
				INFOPLIST_KEY_UIApplicationSupportsIndirectInputEvents = YES;
				INFOPLIST_KEY_UISupportedInterfaceOrientations_iPad = "UIInterfaceOrientationPortrait UIInterfaceOrientationPortraitUpsideDown";
				INFOPLIST_KEY_UISupportedInterfaceOrientations_iPhone = UIInterfaceOrientationPortrait;
				LD_RUNPATH_SEARCH_PATHS = (
					"$(inherited)",
					"@executable_path/Frameworks",
				);
				MARKETING_VERSION = 1.0;
				PRODUCT_BUNDLE_IDENTIFIER = com.wachrusz.CADV;
				PRODUCT_NAME = "$(TARGET_NAME)";
				SUPPORTED_PLATFORMS = "iphoneos iphonesimulator";
				SUPPORTS_MACCATALYST = NO;
				SUPPORTS_MAC_DESIGNED_FOR_IPHONE_IPAD = NO;
				SUPPORTS_XR_DESIGNED_FOR_IPHONE_IPAD = NO;
				SWIFT_EMIT_LOC_STRINGS = YES;
				SWIFT_VERSION = 5.0;
				TARGETED_DEVICE_FAMILY = "1,2";
			};
			name = Release;
		};
		3CF17ABA2C87813300A601AC /* Debug */ = {
			isa = XCBuildConfiguration;
			baseConfigurationReference = 6BB7108B29AD358E04828E69 /* Pods-CADVTests.debug.xcconfig */;
			buildSettings = {
				BUNDLE_LOADER = "$(TEST_HOST)";
				CODE_SIGN_STYLE = Automatic;
				CURRENT_PROJECT_VERSION = 1;
				DEVELOPMENT_TEAM = 2466T95QV6;
				GENERATE_INFOPLIST_FILE = YES;
				IPHONEOS_DEPLOYMENT_TARGET = 17.5;
				MARKETING_VERSION = 1.0;
				PRODUCT_BUNDLE_IDENTIFIER = com.wachrusz.CADVTests;
				PRODUCT_NAME = "$(TARGET_NAME)";
				SWIFT_EMIT_LOC_STRINGS = NO;
				SWIFT_VERSION = 5.0;
				TARGETED_DEVICE_FAMILY = "1,2";
				TEST_HOST = "$(BUILT_PRODUCTS_DIR)/CADV.app/$(BUNDLE_EXECUTABLE_FOLDER_PATH)/CADV";
			};
			name = Debug;
		};
		3CF17ABB2C87813300A601AC /* Release */ = {
			isa = XCBuildConfiguration;
			baseConfigurationReference = DDA47B850515956FC3C6B7E7 /* Pods-CADVTests.release.xcconfig */;
			buildSettings = {
				BUNDLE_LOADER = "$(TEST_HOST)";
				CODE_SIGN_STYLE = Automatic;
				CURRENT_PROJECT_VERSION = 1;
				DEVELOPMENT_TEAM = 2466T95QV6;
				GENERATE_INFOPLIST_FILE = YES;
				IPHONEOS_DEPLOYMENT_TARGET = 17.5;
				MARKETING_VERSION = 1.0;
				PRODUCT_BUNDLE_IDENTIFIER = com.wachrusz.CADVTests;
				PRODUCT_NAME = "$(TARGET_NAME)";
				SWIFT_EMIT_LOC_STRINGS = NO;
				SWIFT_VERSION = 5.0;
				TARGETED_DEVICE_FAMILY = "1,2";
				TEST_HOST = "$(BUILT_PRODUCTS_DIR)/CADV.app/$(BUNDLE_EXECUTABLE_FOLDER_PATH)/CADV";
			};
			name = Release;
		};
		3CF17ABD2C87813300A601AC /* Debug */ = {
			isa = XCBuildConfiguration;
			baseConfigurationReference = 6C011B107731967EE8FB4DDA /* Pods-CADV-CADVUITests.debug.xcconfig */;
			buildSettings = {
				CODE_SIGN_STYLE = Automatic;
				CURRENT_PROJECT_VERSION = 1;
				DEVELOPMENT_TEAM = 2466T95QV6;
				GENERATE_INFOPLIST_FILE = YES;
				MARKETING_VERSION = 1.0;
				PRODUCT_BUNDLE_IDENTIFIER = com.wachrusz.CADVUITests;
				PRODUCT_NAME = "$(TARGET_NAME)";
				SWIFT_EMIT_LOC_STRINGS = NO;
				SWIFT_VERSION = 5.0;
				TARGETED_DEVICE_FAMILY = "1,2";
				TEST_TARGET_NAME = CADV;
			};
			name = Debug;
		};
		3CF17ABE2C87813300A601AC /* Release */ = {
			isa = XCBuildConfiguration;
			baseConfigurationReference = B01AD9A0241A4F36C3A39B5D /* Pods-CADV-CADVUITests.release.xcconfig */;
			buildSettings = {
				CODE_SIGN_STYLE = Automatic;
				CURRENT_PROJECT_VERSION = 1;
				DEVELOPMENT_TEAM = 2466T95QV6;
				GENERATE_INFOPLIST_FILE = YES;
				MARKETING_VERSION = 1.0;
				PRODUCT_BUNDLE_IDENTIFIER = com.wachrusz.CADVUITests;
				PRODUCT_NAME = "$(TARGET_NAME)";
				SWIFT_EMIT_LOC_STRINGS = NO;
				SWIFT_VERSION = 5.0;
				TARGETED_DEVICE_FAMILY = "1,2";
				TEST_TARGET_NAME = CADV;
			};
			name = Release;
		};
/* End XCBuildConfiguration section */

/* Begin XCConfigurationList section */
		3CF17A882C87812F00A601AC /* Build configuration list for PBXProject "CADV" */ = {
			isa = XCConfigurationList;
			buildConfigurations = (
				3CF17AB42C87813300A601AC /* Debug */,
				3CF17AB52C87813300A601AC /* Release */,
			);
			defaultConfigurationIsVisible = 0;
			defaultConfigurationName = Release;
		};
		3CF17AB62C87813300A601AC /* Build configuration list for PBXNativeTarget "CADV" */ = {
			isa = XCConfigurationList;
			buildConfigurations = (
				3CF17AB72C87813300A601AC /* Debug */,
				3CF17AB82C87813300A601AC /* Release */,
			);
			defaultConfigurationIsVisible = 0;
			defaultConfigurationName = Release;
		};
		3CF17AB92C87813300A601AC /* Build configuration list for PBXNativeTarget "CADVTests" */ = {
			isa = XCConfigurationList;
			buildConfigurations = (
				3CF17ABA2C87813300A601AC /* Debug */,
				3CF17ABB2C87813300A601AC /* Release */,
			);
			defaultConfigurationIsVisible = 0;
			defaultConfigurationName = Release;
		};
		3CF17ABC2C87813300A601AC /* Build configuration list for PBXNativeTarget "CADVUITests" */ = {
			isa = XCConfigurationList;
			buildConfigurations = (
				3CF17ABD2C87813300A601AC /* Debug */,
				3CF17ABE2C87813300A601AC /* Release */,
			);
			defaultConfigurationIsVisible = 0;
			defaultConfigurationName = Release;
		};
/* End XCConfigurationList section */

/* Begin XCVersionGroup section */
		3CF17A9B2C87813200A601AC /* CADV.xcdatamodeld */ = {
			isa = XCVersionGroup;
			children = (
				3CF17A9C2C87813200A601AC /* CADV.xcdatamodel */,
			);
			currentVersion = 3CF17A9C2C87813200A601AC /* CADV.xcdatamodel */;
			path = CADV.xcdatamodeld;
			sourceTree = "<group>";
			versionGroupType = wrapper.xcdatamodel;
		};
/* End XCVersionGroup section */
	};
	rootObject = 3CF17A852C87812F00A601AC /* Project object */;
}
